
Microsoft Visual Studio Solution File, Format Version 12.00
# Visual Studio Version 17
VisualStudioVersion = 17.0.31612.314
MinimumVisualStudioVersion = 10.0.40219.1
Project("{2150E333-8FDC-42A3-9474-1A3956D46DE8}") = "03 RenderEngine", "03 RenderEngine", "{89FE3DE3-2E58-4835-A476-CA2E309A1B3F}"
EndProject
Project("{9A19103F-16F7-4668-BE54-9A1E7A4F7556}") = "H.LowCode.RenderEngine", "src\H.LowCode.RenderEngine\H.LowCode.RenderEngine\H.LowCode.RenderEngine.csproj", "{47EE6944-D5F8-46CD-A552-29A237BE87BD}"
EndProject
Project("{9A19103F-16F7-4668-BE54-9A1E7A4F7556}") = "H.LowCode.RenderEngine.Html", "src\H.LowCode.RenderEngine\H.LowCode.RenderEngine.Html\H.LowCode.RenderEngine.Html.csproj", "{080EBED7-FD5D-4092-874D-6431FC8B9E2A}"
EndProject
Project("{9A19103F-16F7-4668-BE54-9A1E7A4F7556}") = "H.LowCode.RenderEngine.AntBlazor", "src\H.LowCode.RenderEngine\H.LowCode.RenderEngine.AntBlazor\H.LowCode.RenderEngine.AntBlazor.csproj", "{F4DCCF49-7D2D-4359-8D48-09F6167E1AA2}"
EndProject
Project("{9A19103F-16F7-4668-BE54-9A1E7A4F7556}") = "H.LowCode.Theme.AntBlazorPro", "src\H.LowCode.RenderEngine\H.LowCode.Theme.AntBlazorPro\H.LowCode.Theme.AntBlazorPro.csproj", "{2AE744B3-657D-41C2-9237-4776B7CE7D5B}"
EndProject
Project("{9A19103F-16F7-4668-BE54-9A1E7A4F7556}") = "H.LowCode.Theme.Html", "src\H.LowCode.RenderEngine\H.LowCode.Theme.Html\H.LowCode.Theme.Html.csproj", "{BE0B5EEE-3F09-48F4-BDB9-BB4ABEF9EE94}"
EndProject
Project("{2150E333-8FDC-42A3-9474-1A3956D46DE8}") = "02 DesignEngine", "02 DesignEngine", "{7E5B26AA-4F89-4B8C-B743-AE3F04C9DD58}"
EndProject
Project("{9A19103F-16F7-4668-BE54-9A1E7A4F7556}") = "H.LowCode.Render.WasmHost", "src\H.LowCode.RenderEngine\H.LowCode.Render.WasmHost\H.LowCode.Render.WasmHost.csproj", "{22DAFFD0-99CB-436F-B89D-D6E2F9E11699}"
EndProject
Project("{2150E333-8FDC-42A3-9474-1A3956D46DE8}") = "Themes", "Themes", "{C5CC4984-12C5-4789-8150-666532B6AC9C}"
EndProject
Project("{9A19103F-16F7-4668-BE54-9A1E7A4F7556}") = "H.LowCode.DesignEngine", "src\H.LowCode.DesignEngine\H.LowCode.DesignEngine\H.LowCode.DesignEngine.csproj", "{9BE2FECD-B648-4B15-B394-E354F98D1B73}"
EndProject
Project("{2150E333-8FDC-42A3-9474-1A3956D46DE8}") = "RenderEngine", "RenderEngine", "{937D596E-0298-4D2A-B5ED-08D366FF7031}"
EndProject
Project("{2150E333-8FDC-42A3-9474-1A3956D46DE8}") = "01 WorkflowEngine", "01 WorkflowEngine", "{A97642DC-6A05-453E-A6F3-5A78F1070E0A}"
EndProject
Project("{9A19103F-16F7-4668-BE54-9A1E7A4F7556}") = "H.LowCode.WorkflowDesigner", "src\H.Components\H.LowCode.WorkflowEngine\H.LowCode.WorkflowDesigner\H.LowCode.WorkflowDesigner.csproj", "{57911903-8E48-4165-BB69-1CBB9E1930F9}"
EndProject
Project("{9A19103F-16F7-4668-BE54-9A1E7A4F7556}") = "H.LowCode.WorkflowEngine.HttpApi", "src\H.Components\H.LowCode.WorkflowEngine\H.LowCode.WorkflowEngine.HttpApi\H.LowCode.WorkflowEngine.HttpApi.csproj", "{CC92870A-25F2-46E7-A370-FDE7BD41D8F1}"
EndProject
Project("{9A19103F-16F7-4668-BE54-9A1E7A4F7556}") = "H.LowCode.WorkflowEngine.WasmHost", "src\H.Components\H.LowCode.WorkflowEngine\H.LowCode.WorkflowEngine.WasmHost\H.LowCode.WorkflowEngine.WasmHost.csproj", "{6F5DE5A6-315E-4361-BC05-C3897CB6D8A8}"
EndProject
Project("{2150E333-8FDC-42A3-9474-1A3956D46DE8}") = "02 ChartDesigner", "02 ChartDesigner", "{5C318E9A-EBDA-43EC-97C1-D5634C4ACC62}"
EndProject
Project("{9A19103F-16F7-4668-BE54-9A1E7A4F7556}") = "H.LowCode.Designer.WasmHost", "src\H.LowCode.DesignEngine\H.LowCode.Designer.WasmHost\H.LowCode.Designer.WasmHost.csproj", "{C579D9B1-1903-4200-9D61-1BDF18C08B2B}"
EndProject
Project("{2150E333-8FDC-42A3-9474-1A3956D46DE8}") = "05 Utils", "05 Utils", "{B77417FA-F03F-474B-82A3-E2213A303382}"
EndProject
Project("{9A19103F-16F7-4668-BE54-9A1E7A4F7556}") = "H.LowCode.Blazor.Utility", "src\H.LowCode.Utils\H.LowCode.Blazor.Utility\H.LowCode.Blazor.Utility.csproj", "{2AD25754-610B-4CD9-BA9B-8114B5EE497A}"
EndProject
Project("{2150E333-8FDC-42A3-9474-1A3956D46DE8}") = "Admin", "Admin", "{1B87CE9B-57F9-4699-A384-95A9752BCA01}"
EndProject
Project("{2150E333-8FDC-42A3-9474-1A3956D46DE8}") = "03 RuleEngine", "03 RuleEngine", "{EB3E6880-BD65-435B-BE8D-AFF6EE298C79}"
EndProject
Project("{9A19103F-16F7-4668-BE54-9A1E7A4F7556}") = "H.LowCode.DesignEngine.Components", "src\H.LowCode.DesignEngine\H.LowCode.DesignEngine.Components\H.LowCode.DesignEngine.Components.csproj", "{DAA21B11-65C7-4833-8EE7-9AD7FA90F7C1}"
EndProject
Project("{2150E333-8FDC-42A3-9474-1A3956D46DE8}") = "04 ComputingEngine", "04 ComputingEngine", "{A20D3904-BB2D-411F-9001-ABB5DE3F0CBA}"
EndProject
Project("{2150E333-8FDC-42A3-9474-1A3956D46DE8}") = "05 ScheduleEngine", "05 ScheduleEngine", "{150A7A1F-77B2-4510-BADB-5B0A13B29809}"
EndProject
Project("{2150E333-8FDC-42A3-9474-1A3956D46DE8}") = "Components", "Components", "{24314CC8-A729-4EE9-8F36-54B604695C23}"
EndProject
Project("{9A19103F-16F7-4668-BE54-9A1E7A4F7556}") = "H.LowCode.DesignEngine.Components.Custom", "src\H.LowCode.DesignEngine\H.LowCode.DesignEngine.Components.Custom\H.LowCode.DesignEngine.Components.Custom.csproj", "{FF307136-5C92-40EC-833A-A95DA6C05CFF}"
EndProject
Project("{9A19103F-16F7-4668-BE54-9A1E7A4F7556}") = "H.LowCode.Designer.Application", "src\H.LowCode.DesignEngine\H.LowCode.Designer.Application\H.LowCode.Designer.Application.csproj", "{9745CF44-8909-47CF-8B66-F33EACDEA5D5}"
EndProject
Project("{2150E333-8FDC-42A3-9474-1A3956D46DE8}") = "Server", "Server", "{ACDCD4DE-3AEE-4551-8574-0C198B9B11DF}"
EndProject
Project("{9A19103F-16F7-4668-BE54-9A1E7A4F7556}") = "H.LowCode.Designer.Admin.Application", "src\H.LowCode.DesignEngine\Admin\H.LowCode.Designer.Admin.Application\H.LowCode.Designer.Admin.Application.csproj", "{8591A79C-3A17-4B76-A704-99985D01CECC}"
EndProject
Project("{9A19103F-16F7-4668-BE54-9A1E7A4F7556}") = "H.LowCode.Designer.Admin.Application.Contracts", "src\H.LowCode.DesignEngine\Admin\H.LowCode.Designer.Admin.Application.Contracts\H.LowCode.Designer.Admin.Application.Contracts.csproj", "{BED39B44-FFE4-4D9B-9A0F-B4C23EC4D497}"
EndProject
Project("{9A19103F-16F7-4668-BE54-9A1E7A4F7556}") = "H.LowCode.Designer.Admin", "src\H.LowCode.DesignEngine\Admin\H.LowCode.Designer.Admin\H.LowCode.Designer.Admin.csproj", "{4A428C8A-D96F-41C0-A500-F55793497EDC}"
EndProject
Project("{9A19103F-16F7-4668-BE54-9A1E7A4F7556}") = "H.LowCode.Designer.Admin.Domain", "src\H.LowCode.DesignEngine\Admin\H.LowCode.Designer.Admin.Domain\H.LowCode.Designer.Admin.Domain.csproj", "{3A33444B-1C97-48E3-B061-A2DE415E92F7}"
EndProject
Project("{9A19103F-16F7-4668-BE54-9A1E7A4F7556}") = "H.LowCode.Designer.Domain", "src\H.LowCode.DesignEngine\H.LowCode.Designer.Domain\H.LowCode.Designer.Domain.csproj", "{3ECC96A4-EDAE-461F-9FFE-357CE3822E10}"
EndProject
Project("{9A19103F-16F7-4668-BE54-9A1E7A4F7556}") = "H.LowCode.Designer.Repository.JsonFile", "src\H.LowCode.DesignEngine\H.LowCode.Designer.Repository.JsonFile\H.LowCode.Designer.Repository.JsonFile.csproj", "{81BF310C-1143-4442-BE90-E85B3DD242D7}"
EndProject
Project("{9A19103F-16F7-4668-BE54-9A1E7A4F7556}") = "H.LowCode.Designer.Repository.MongoDB", "src\H.LowCode.DesignEngine\H.LowCode.Designer.Repository.MongoDB\H.LowCode.Designer.Repository.MongoDB.csproj", "{5E71A003-B281-4375-BCA9-06840B27046F}"
EndProject
Project("{9A19103F-16F7-4668-BE54-9A1E7A4F7556}") = "H.LowCode.Designer.Domain.Abstraction", "src\H.LowCode.DesignEngine\H.LowCode.Designer.Domain.Abstraction\H.LowCode.Designer.Domain.Abstraction.csproj", "{AB7BF9F0-07AE-4CD0-A86F-1FE31DF83D6A}"
EndProject
Project("{9A19103F-16F7-4668-BE54-9A1E7A4F7556}") = "H.LowCode.Designer.Host", "src\H.LowCode.DesignEngine\H.LowCode.Designer.Host\H.LowCode.Designer.Host.csproj", "{24457220-78B9-41C0-8A5C-68A7130C5F1B}"
EndProject
Project("{9A19103F-16F7-4668-BE54-9A1E7A4F7556}") = "H.LowCode.Designer.HttpApi", "src\H.LowCode.DesignEngine\H.LowCode.Designer.HttpApi\H.LowCode.Designer.HttpApi.csproj", "{E742ADCE-2EBD-4AF7-9A58-17BB001DD656}"
EndProject
Project("{2150E333-8FDC-42A3-9474-1A3956D46DE8}") = "Wasm", "Wasm", "{1FA83CE2-7261-48D8-ABCD-9F905B36D166}"
EndProject
Project("{9A19103F-16F7-4668-BE54-9A1E7A4F7556}") = "H.LowCode.Designer.Application.Abstraction", "src\H.LowCode.DesignEngine\H.LowCode.Designer.Application.Abstraction\H.LowCode.Designer.Application.Abstraction.csproj", "{57D66330-ABD0-4D94-AB58-4F7CFCAA686F}"
EndProject
Project("{9A19103F-16F7-4668-BE54-9A1E7A4F7556}") = "H.LowCode.Designer.Repository.Abstraction", "src\H.LowCode.DesignEngine\H.LowCode.Designer.Repository.Abstraction\H.LowCode.Designer.Repository.Abstraction.csproj", "{F38D0C9A-188D-4B4B-9594-B0B195DF8C3E}"
EndProject
Project("{2150E333-8FDC-42A3-9474-1A3956D46DE8}") = "04 Components", "04 Components", "{86EF6FFC-44A1-404C-B84F-57610BC75163}"
EndProject
Project("{2150E333-8FDC-42A3-9474-1A3956D46DE8}") = "Server", "Server", "{E4C2F1D1-6ACB-435C-B397-92C4CF0DEFAB}"
EndProject
Project("{2150E333-8FDC-42A3-9474-1A3956D46DE8}") = "Wasm", "Wasm", "{E4AC2C23-5D6D-4ECE-ADB1-130416AD5292}"
EndProject
Project("{9A19103F-16F7-4668-BE54-9A1E7A4F7556}") = "H.LowCode.Render.Host", "src\H.LowCode.RenderEngine\H.LowCode.Render.Host\H.LowCode.Render.Host.csproj", "{01239FDF-05C5-4622-98BC-E65720A285DA}"
EndProject
Project("{9A19103F-16F7-4668-BE54-9A1E7A4F7556}") = "H.LowCode.Render.HttpApi", "src\H.LowCode.RenderEngine\H.LowCode.Render.HttpApi\H.LowCode.Render.HttpApi.csproj", "{C4F76C9D-2459-4B3F-A2DA-7E4262C0A77D}"
EndProject
Project("{9A19103F-16F7-4668-BE54-9A1E7A4F7556}") = "H.LowCode.Render.Application", "src\H.LowCode.RenderEngine\H.LowCode.Render.Application\H.LowCode.Render.Application.csproj", "{0083A323-FC72-4843-ACD6-3A57548BFF11}"
EndProject
Project("{9A19103F-16F7-4668-BE54-9A1E7A4F7556}") = "H.LowCode.Render.Application.Abstraction", "src\H.LowCode.RenderEngine\H.LowCode.Render.Application.Abstraction\H.LowCode.Render.Application.Abstraction.csproj", "{897A1A35-ACC3-4ABB-9529-7A530D6DBB0F}"
EndProject
Project("{2150E333-8FDC-42A3-9474-1A3956D46DE8}") = "01 Model", "01 Model", "{C6E32703-2B62-4C1E-8DE0-DD7A65641926}"
EndProject
Project("{2150E333-8FDC-42A3-9474-1A3956D46DE8}") = "CSharpScriptEngine", "CSharpScriptEngine", "{D7AB7627-B666-4335-8DDD-E42F4A47E4D4}"
EndProject
Project("{9A19103F-16F7-4668-BE54-9A1E7A4F7556}") = "H.Utils.CSharpScriptEngine", "src\H.Components\H.Utils.CSharpScriptEngine\H.Utils.CSharpScriptEngine.csproj", "{5C6F7771-0818-4BC6-9FE4-5AB3507A7549}"
EndProject
Project("{9A19103F-16F7-4668-BE54-9A1E7A4F7556}") = "H.Utils.CSharpScriptEngine.Tests", "src\H.Components\H.Utils.CSharpScriptEngine.Tests\H.Utils.CSharpScriptEngine.Tests.csproj", "{EF70C3BC-918B-4A98-94F9-0125DA1D3F7D}"
EndProject
Project("{2150E333-8FDC-42A3-9474-1A3956D46DE8}") = ".config", ".config", "{8B2D37CA-78EA-401B-B598-EFB3C7FD6517}"
	ProjectSection(SolutionItems) = preProject
		Directory.Packages.props = Directory.Packages.props
		src\global.props = src\global.props
		src\lowcode.props = src\lowcode.props
		src\NuGet.config = src\NuGet.config
	EndProjectSection
EndProject
Project("{2150E333-8FDC-42A3-9474-1A3956D46DE8}") = "Sample", "Sample", "{1804D916-A748-40FF-9D87-4D5BD1E99C03}"
EndProject
Project("{9A19103F-16F7-4668-BE54-9A1E7A4F7556}") = "H.LowCode.Render.Sample", "src\H.LowCode.RenderEngine\Samples\H.LowCode.Render.Sample\H.LowCode.Render.Sample.csproj", "{4A6AB183-49BB-4BDA-8A7F-FDFE7277CE8D}"
EndProject
Project("{9A19103F-16F7-4668-BE54-9A1E7A4F7556}") = "H.LowCode.Metadata", "src\H.LowCode.Common\H.LowCode.Metadata\H.LowCode.Metadata.csproj", "{772FF845-41C0-4458-A2C9-CE71D4CE0453}"
EndProject
Project("{9A19103F-16F7-4668-BE54-9A1E7A4F7556}") = "H.LowCode.WorkflowEngine.Host", "src\H.Components\H.LowCode.WorkflowEngine\H.LowCode.WorkflowEngine.Host\H.LowCode.WorkflowEngine.Host.csproj", "{B18E8777-7930-4DE4-AB1E-CCE4D3B9C6D0}"
EndProject
Project("{2150E333-8FDC-42A3-9474-1A3956D46DE8}") = "88 tests", "88 tests", "{09203AA1-93D6-4095-BB55-FB442DA1433C}"
EndProject
Project("{2150E333-8FDC-42A3-9474-1A3956D46DE8}") = "99 docs", "99 docs", "{78F2784D-6128-4F7A-803C-86C3AED7BB24}"
EndProject
Global
	GlobalSection(SolutionConfigurationPlatforms) = preSolution
		Debug|Any CPU = Debug|Any CPU
		Release|Any CPU = Release|Any CPU
	EndGlobalSection
	GlobalSection(ProjectConfigurationPlatforms) = postSolution
		{47EE6944-D5F8-46CD-A552-29A237BE87BD}.Debug|Any CPU.ActiveCfg = Debug|Any CPU
		{47EE6944-D5F8-46CD-A552-29A237BE87BD}.Debug|Any CPU.Build.0 = Debug|Any CPU
		{47EE6944-D5F8-46CD-A552-29A237BE87BD}.Release|Any CPU.ActiveCfg = Release|Any CPU
		{47EE6944-D5F8-46CD-A552-29A237BE87BD}.Release|Any CPU.Build.0 = Release|Any CPU
		{080EBED7-FD5D-4092-874D-6431FC8B9E2A}.Debug|Any CPU.ActiveCfg = Debug|Any CPU
		{080EBED7-FD5D-4092-874D-6431FC8B9E2A}.Debug|Any CPU.Build.0 = Debug|Any CPU
		{080EBED7-FD5D-4092-874D-6431FC8B9E2A}.Release|Any CPU.ActiveCfg = Release|Any CPU
		{080EBED7-FD5D-4092-874D-6431FC8B9E2A}.Release|Any CPU.Build.0 = Release|Any CPU
		{F4DCCF49-7D2D-4359-8D48-09F6167E1AA2}.Debug|Any CPU.ActiveCfg = Debug|Any CPU
		{F4DCCF49-7D2D-4359-8D48-09F6167E1AA2}.Debug|Any CPU.Build.0 = Debug|Any CPU
		{F4DCCF49-7D2D-4359-8D48-09F6167E1AA2}.Release|Any CPU.ActiveCfg = Release|Any CPU
		{F4DCCF49-7D2D-4359-8D48-09F6167E1AA2}.Release|Any CPU.Build.0 = Release|Any CPU
		{2AE744B3-657D-41C2-9237-4776B7CE7D5B}.Debug|Any CPU.ActiveCfg = Debug|Any CPU
		{2AE744B3-657D-41C2-9237-4776B7CE7D5B}.Debug|Any CPU.Build.0 = Debug|Any CPU
		{2AE744B3-657D-41C2-9237-4776B7CE7D5B}.Release|Any CPU.ActiveCfg = Release|Any CPU
		{2AE744B3-657D-41C2-9237-4776B7CE7D5B}.Release|Any CPU.Build.0 = Release|Any CPU
		{BE0B5EEE-3F09-48F4-BDB9-BB4ABEF9EE94}.Debug|Any CPU.ActiveCfg = Debug|Any CPU
		{BE0B5EEE-3F09-48F4-BDB9-BB4ABEF9EE94}.Debug|Any CPU.Build.0 = Debug|Any CPU
		{BE0B5EEE-3F09-48F4-BDB9-BB4ABEF9EE94}.Release|Any CPU.ActiveCfg = Release|Any CPU
		{BE0B5EEE-3F09-48F4-BDB9-BB4ABEF9EE94}.Release|Any CPU.Build.0 = Release|Any CPU
		{22DAFFD0-99CB-436F-B89D-D6E2F9E11699}.Debug|Any CPU.ActiveCfg = Debug|Any CPU
		{22DAFFD0-99CB-436F-B89D-D6E2F9E11699}.Debug|Any CPU.Build.0 = Debug|Any CPU
		{22DAFFD0-99CB-436F-B89D-D6E2F9E11699}.Release|Any CPU.ActiveCfg = Release|Any CPU
		{22DAFFD0-99CB-436F-B89D-D6E2F9E11699}.Release|Any CPU.Build.0 = Release|Any CPU
		{9BE2FECD-B648-4B15-B394-E354F98D1B73}.Debug|Any CPU.ActiveCfg = Debug|Any CPU
		{9BE2FECD-B648-4B15-B394-E354F98D1B73}.Debug|Any CPU.Build.0 = Debug|Any CPU
		{9BE2FECD-B648-4B15-B394-E354F98D1B73}.Release|Any CPU.ActiveCfg = Release|Any CPU
		{9BE2FECD-B648-4B15-B394-E354F98D1B73}.Release|Any CPU.Build.0 = Release|Any CPU
		{57911903-8E48-4165-BB69-1CBB9E1930F9}.Debug|Any CPU.ActiveCfg = Debug|Any CPU
		{57911903-8E48-4165-BB69-1CBB9E1930F9}.Debug|Any CPU.Build.0 = Debug|Any CPU
		{57911903-8E48-4165-BB69-1CBB9E1930F9}.Release|Any CPU.ActiveCfg = Release|Any CPU
		{57911903-8E48-4165-BB69-1CBB9E1930F9}.Release|Any CPU.Build.0 = Release|Any CPU
		{CC92870A-25F2-46E7-A370-FDE7BD41D8F1}.Debug|Any CPU.ActiveCfg = Debug|Any CPU
		{CC92870A-25F2-46E7-A370-FDE7BD41D8F1}.Debug|Any CPU.Build.0 = Debug|Any CPU
		{CC92870A-25F2-46E7-A370-FDE7BD41D8F1}.Release|Any CPU.ActiveCfg = Release|Any CPU
		{CC92870A-25F2-46E7-A370-FDE7BD41D8F1}.Release|Any CPU.Build.0 = Release|Any CPU
		{6F5DE5A6-315E-4361-BC05-C3897CB6D8A8}.Debug|Any CPU.ActiveCfg = Debug|Any CPU
		{6F5DE5A6-315E-4361-BC05-C3897CB6D8A8}.Debug|Any CPU.Build.0 = Debug|Any CPU
		{6F5DE5A6-315E-4361-BC05-C3897CB6D8A8}.Release|Any CPU.ActiveCfg = Release|Any CPU
		{6F5DE5A6-315E-4361-BC05-C3897CB6D8A8}.Release|Any CPU.Build.0 = Release|Any CPU
		{C579D9B1-1903-4200-9D61-1BDF18C08B2B}.Debug|Any CPU.ActiveCfg = Debug|Any CPU
		{C579D9B1-1903-4200-9D61-1BDF18C08B2B}.Debug|Any CPU.Build.0 = Debug|Any CPU
		{C579D9B1-1903-4200-9D61-1BDF18C08B2B}.Release|Any CPU.ActiveCfg = Release|Any CPU
		{C579D9B1-1903-4200-9D61-1BDF18C08B2B}.Release|Any CPU.Build.0 = Release|Any CPU
		{2AD25754-610B-4CD9-BA9B-8114B5EE497A}.Debug|Any CPU.ActiveCfg = Debug|Any CPU
		{2AD25754-610B-4CD9-BA9B-8114B5EE497A}.Debug|Any CPU.Build.0 = Debug|Any CPU
		{2AD25754-610B-4CD9-BA9B-8114B5EE497A}.Release|Any CPU.ActiveCfg = Release|Any CPU
		{2AD25754-610B-4CD9-BA9B-8114B5EE497A}.Release|Any CPU.Build.0 = Release|Any CPU
		{DAA21B11-65C7-4833-8EE7-9AD7FA90F7C1}.Debug|Any CPU.ActiveCfg = Debug|Any CPU
		{DAA21B11-65C7-4833-8EE7-9AD7FA90F7C1}.Debug|Any CPU.Build.0 = Debug|Any CPU
		{DAA21B11-65C7-4833-8EE7-9AD7FA90F7C1}.Release|Any CPU.ActiveCfg = Release|Any CPU
		{DAA21B11-65C7-4833-8EE7-9AD7FA90F7C1}.Release|Any CPU.Build.0 = Release|Any CPU
		{FF307136-5C92-40EC-833A-A95DA6C05CFF}.Debug|Any CPU.ActiveCfg = Debug|Any CPU
		{FF307136-5C92-40EC-833A-A95DA6C05CFF}.Debug|Any CPU.Build.0 = Debug|Any CPU
		{FF307136-5C92-40EC-833A-A95DA6C05CFF}.Release|Any CPU.ActiveCfg = Release|Any CPU
		{FF307136-5C92-40EC-833A-A95DA6C05CFF}.Release|Any CPU.Build.0 = Release|Any CPU
		{9745CF44-8909-47CF-8B66-F33EACDEA5D5}.Debug|Any CPU.ActiveCfg = Debug|Any CPU
		{9745CF44-8909-47CF-8B66-F33EACDEA5D5}.Debug|Any CPU.Build.0 = Debug|Any CPU
		{9745CF44-8909-47CF-8B66-F33EACDEA5D5}.Release|Any CPU.ActiveCfg = Release|Any CPU
		{9745CF44-8909-47CF-8B66-F33EACDEA5D5}.Release|Any CPU.Build.0 = Release|Any CPU
		{8591A79C-3A17-4B76-A704-99985D01CECC}.Debug|Any CPU.ActiveCfg = Debug|Any CPU
		{8591A79C-3A17-4B76-A704-99985D01CECC}.Debug|Any CPU.Build.0 = Debug|Any CPU
		{8591A79C-3A17-4B76-A704-99985D01CECC}.Release|Any CPU.ActiveCfg = Release|Any CPU
		{8591A79C-3A17-4B76-A704-99985D01CECC}.Release|Any CPU.Build.0 = Release|Any CPU
		{BED39B44-FFE4-4D9B-9A0F-B4C23EC4D497}.Debug|Any CPU.ActiveCfg = Debug|Any CPU
		{BED39B44-FFE4-4D9B-9A0F-B4C23EC4D497}.Debug|Any CPU.Build.0 = Debug|Any CPU
		{BED39B44-FFE4-4D9B-9A0F-B4C23EC4D497}.Release|Any CPU.ActiveCfg = Release|Any CPU
		{BED39B44-FFE4-4D9B-9A0F-B4C23EC4D497}.Release|Any CPU.Build.0 = Release|Any CPU
		{4A428C8A-D96F-41C0-A500-F55793497EDC}.Debug|Any CPU.ActiveCfg = Debug|Any CPU
		{4A428C8A-D96F-41C0-A500-F55793497EDC}.Debug|Any CPU.Build.0 = Debug|Any CPU
		{4A428C8A-D96F-41C0-A500-F55793497EDC}.Release|Any CPU.ActiveCfg = Release|Any CPU
		{4A428C8A-D96F-41C0-A500-F55793497EDC}.Release|Any CPU.Build.0 = Release|Any CPU
		{3A33444B-1C97-48E3-B061-A2DE415E92F7}.Debug|Any CPU.ActiveCfg = Debug|Any CPU
		{3A33444B-1C97-48E3-B061-A2DE415E92F7}.Debug|Any CPU.Build.0 = Debug|Any CPU
		{3A33444B-1C97-48E3-B061-A2DE415E92F7}.Release|Any CPU.ActiveCfg = Release|Any CPU
		{3A33444B-1C97-48E3-B061-A2DE415E92F7}.Release|Any CPU.Build.0 = Release|Any CPU
		{3ECC96A4-EDAE-461F-9FFE-357CE3822E10}.Debug|Any CPU.ActiveCfg = Debug|Any CPU
		{3ECC96A4-EDAE-461F-9FFE-357CE3822E10}.Debug|Any CPU.Build.0 = Debug|Any CPU
		{3ECC96A4-EDAE-461F-9FFE-357CE3822E10}.Release|Any CPU.ActiveCfg = Release|Any CPU
		{3ECC96A4-EDAE-461F-9FFE-357CE3822E10}.Release|Any CPU.Build.0 = Release|Any CPU
		{81BF310C-1143-4442-BE90-E85B3DD242D7}.Debug|Any CPU.ActiveCfg = Debug|Any CPU
		{81BF310C-1143-4442-BE90-E85B3DD242D7}.Debug|Any CPU.Build.0 = Debug|Any CPU
		{81BF310C-1143-4442-BE90-E85B3DD242D7}.Release|Any CPU.ActiveCfg = Release|Any CPU
		{81BF310C-1143-4442-BE90-E85B3DD242D7}.Release|Any CPU.Build.0 = Release|Any CPU
		{5E71A003-B281-4375-BCA9-06840B27046F}.Debug|Any CPU.ActiveCfg = Debug|Any CPU
		{5E71A003-B281-4375-BCA9-06840B27046F}.Debug|Any CPU.Build.0 = Debug|Any CPU
		{5E71A003-B281-4375-BCA9-06840B27046F}.Release|Any CPU.ActiveCfg = Release|Any CPU
		{5E71A003-B281-4375-BCA9-06840B27046F}.Release|Any CPU.Build.0 = Release|Any CPU
		{AB7BF9F0-07AE-4CD0-A86F-1FE31DF83D6A}.Debug|Any CPU.ActiveCfg = Debug|Any CPU
		{AB7BF9F0-07AE-4CD0-A86F-1FE31DF83D6A}.Debug|Any CPU.Build.0 = Debug|Any CPU
		{AB7BF9F0-07AE-4CD0-A86F-1FE31DF83D6A}.Release|Any CPU.ActiveCfg = Release|Any CPU
		{AB7BF9F0-07AE-4CD0-A86F-1FE31DF83D6A}.Release|Any CPU.Build.0 = Release|Any CPU
		{24457220-78B9-41C0-8A5C-68A7130C5F1B}.Debug|Any CPU.ActiveCfg = Debug|Any CPU
		{24457220-78B9-41C0-8A5C-68A7130C5F1B}.Debug|Any CPU.Build.0 = Debug|Any CPU
		{24457220-78B9-41C0-8A5C-68A7130C5F1B}.Release|Any CPU.ActiveCfg = Release|Any CPU
		{24457220-78B9-41C0-8A5C-68A7130C5F1B}.Release|Any CPU.Build.0 = Release|Any CPU
		{E742ADCE-2EBD-4AF7-9A58-17BB001DD656}.Debug|Any CPU.ActiveCfg = Debug|Any CPU
		{E742ADCE-2EBD-4AF7-9A58-17BB001DD656}.Debug|Any CPU.Build.0 = Debug|Any CPU
		{E742ADCE-2EBD-4AF7-9A58-17BB001DD656}.Release|Any CPU.ActiveCfg = Release|Any CPU
		{E742ADCE-2EBD-4AF7-9A58-17BB001DD656}.Release|Any CPU.Build.0 = Release|Any CPU
		{57D66330-ABD0-4D94-AB58-4F7CFCAA686F}.Debug|Any CPU.ActiveCfg = Debug|Any CPU
		{57D66330-ABD0-4D94-AB58-4F7CFCAA686F}.Debug|Any CPU.Build.0 = Debug|Any CPU
		{57D66330-ABD0-4D94-AB58-4F7CFCAA686F}.Release|Any CPU.ActiveCfg = Release|Any CPU
		{57D66330-ABD0-4D94-AB58-4F7CFCAA686F}.Release|Any CPU.Build.0 = Release|Any CPU
		{F38D0C9A-188D-4B4B-9594-B0B195DF8C3E}.Debug|Any CPU.ActiveCfg = Debug|Any CPU
		{F38D0C9A-188D-4B4B-9594-B0B195DF8C3E}.Debug|Any CPU.Build.0 = Debug|Any CPU
		{F38D0C9A-188D-4B4B-9594-B0B195DF8C3E}.Release|Any CPU.ActiveCfg = Release|Any CPU
		{F38D0C9A-188D-4B4B-9594-B0B195DF8C3E}.Release|Any CPU.Build.0 = Release|Any CPU
		{01239FDF-05C5-4622-98BC-E65720A285DA}.Debug|Any CPU.ActiveCfg = Debug|Any CPU
		{01239FDF-05C5-4622-98BC-E65720A285DA}.Debug|Any CPU.Build.0 = Debug|Any CPU
		{01239FDF-05C5-4622-98BC-E65720A285DA}.Release|Any CPU.ActiveCfg = Release|Any CPU
		{01239FDF-05C5-4622-98BC-E65720A285DA}.Release|Any CPU.Build.0 = Release|Any CPU
		{C4F76C9D-2459-4B3F-A2DA-7E4262C0A77D}.Debug|Any CPU.ActiveCfg = Debug|Any CPU
		{C4F76C9D-2459-4B3F-A2DA-7E4262C0A77D}.Debug|Any CPU.Build.0 = Debug|Any CPU
		{C4F76C9D-2459-4B3F-A2DA-7E4262C0A77D}.Release|Any CPU.ActiveCfg = Release|Any CPU
		{C4F76C9D-2459-4B3F-A2DA-7E4262C0A77D}.Release|Any CPU.Build.0 = Release|Any CPU
		{0083A323-FC72-4843-ACD6-3A57548BFF11}.Debug|Any CPU.ActiveCfg = Debug|Any CPU
		{0083A323-FC72-4843-ACD6-3A57548BFF11}.Debug|Any CPU.Build.0 = Debug|Any CPU
		{0083A323-FC72-4843-ACD6-3A57548BFF11}.Release|Any CPU.ActiveCfg = Release|Any CPU
		{0083A323-FC72-4843-ACD6-3A57548BFF11}.Release|Any CPU.Build.0 = Release|Any CPU
		{897A1A35-ACC3-4ABB-9529-7A530D6DBB0F}.Debug|Any CPU.ActiveCfg = Debug|Any CPU
		{897A1A35-ACC3-4ABB-9529-7A530D6DBB0F}.Debug|Any CPU.Build.0 = Debug|Any CPU
		{897A1A35-ACC3-4ABB-9529-7A530D6DBB0F}.Release|Any CPU.ActiveCfg = Release|Any CPU
		{897A1A35-ACC3-4ABB-9529-7A530D6DBB0F}.Release|Any CPU.Build.0 = Release|Any CPU
		{5C6F7771-0818-4BC6-9FE4-5AB3507A7549}.Debug|Any CPU.ActiveCfg = Debug|Any CPU
		{5C6F7771-0818-4BC6-9FE4-5AB3507A7549}.Debug|Any CPU.Build.0 = Debug|Any CPU
		{5C6F7771-0818-4BC6-9FE4-5AB3507A7549}.Release|Any CPU.ActiveCfg = Release|Any CPU
		{5C6F7771-0818-4BC6-9FE4-5AB3507A7549}.Release|Any CPU.Build.0 = Release|Any CPU
		{EF70C3BC-918B-4A98-94F9-0125DA1D3F7D}.Debug|Any CPU.ActiveCfg = Debug|Any CPU
		{EF70C3BC-918B-4A98-94F9-0125DA1D3F7D}.Debug|Any CPU.Build.0 = Debug|Any CPU
		{EF70C3BC-918B-4A98-94F9-0125DA1D3F7D}.Release|Any CPU.ActiveCfg = Release|Any CPU
		{EF70C3BC-918B-4A98-94F9-0125DA1D3F7D}.Release|Any CPU.Build.0 = Release|Any CPU
		{4A6AB183-49BB-4BDA-8A7F-FDFE7277CE8D}.Debug|Any CPU.ActiveCfg = Debug|Any CPU
		{4A6AB183-49BB-4BDA-8A7F-FDFE7277CE8D}.Debug|Any CPU.Build.0 = Debug|Any CPU
		{4A6AB183-49BB-4BDA-8A7F-FDFE7277CE8D}.Release|Any CPU.ActiveCfg = Release|Any CPU
		{4A6AB183-49BB-4BDA-8A7F-FDFE7277CE8D}.Release|Any CPU.Build.0 = Release|Any CPU
		{772FF845-41C0-4458-A2C9-CE71D4CE0453}.Debug|Any CPU.ActiveCfg = Debug|Any CPU
		{772FF845-41C0-4458-A2C9-CE71D4CE0453}.Debug|Any CPU.Build.0 = Debug|Any CPU
		{772FF845-41C0-4458-A2C9-CE71D4CE0453}.Release|Any CPU.ActiveCfg = Release|Any CPU
		{772FF845-41C0-4458-A2C9-CE71D4CE0453}.Release|Any CPU.Build.0 = Release|Any CPU
		{B18E8777-7930-4DE4-AB1E-CCE4D3B9C6D0}.Debug|Any CPU.ActiveCfg = Debug|Any CPU
		{B18E8777-7930-4DE4-AB1E-CCE4D3B9C6D0}.Debug|Any CPU.Build.0 = Debug|Any CPU
		{B18E8777-7930-4DE4-AB1E-CCE4D3B9C6D0}.Release|Any CPU.ActiveCfg = Release|Any CPU
		{B18E8777-7930-4DE4-AB1E-CCE4D3B9C6D0}.Release|Any CPU.Build.0 = Release|Any CPU
	EndGlobalSection
	GlobalSection(SolutionProperties) = preSolution
		HideSolutionNode = FALSE
	EndGlobalSection
	GlobalSection(NestedProjects) = preSolution
		{47EE6944-D5F8-46CD-A552-29A237BE87BD} = {937D596E-0298-4D2A-B5ED-08D366FF7031}
		{080EBED7-FD5D-4092-874D-6431FC8B9E2A} = {937D596E-0298-4D2A-B5ED-08D366FF7031}
		{F4DCCF49-7D2D-4359-8D48-09F6167E1AA2} = {937D596E-0298-4D2A-B5ED-08D366FF7031}
		{2AE744B3-657D-41C2-9237-4776B7CE7D5B} = {C5CC4984-12C5-4789-8150-666532B6AC9C}
		{BE0B5EEE-3F09-48F4-BDB9-BB4ABEF9EE94} = {C5CC4984-12C5-4789-8150-666532B6AC9C}
		{22DAFFD0-99CB-436F-B89D-D6E2F9E11699} = {E4AC2C23-5D6D-4ECE-ADB1-130416AD5292}
		{C5CC4984-12C5-4789-8150-666532B6AC9C} = {89FE3DE3-2E58-4835-A476-CA2E309A1B3F}
		{9BE2FECD-B648-4B15-B394-E354F98D1B73} = {1FA83CE2-7261-48D8-ABCD-9F905B36D166}
		{937D596E-0298-4D2A-B5ED-08D366FF7031} = {89FE3DE3-2E58-4835-A476-CA2E309A1B3F}
		{A97642DC-6A05-453E-A6F3-5A78F1070E0A} = {86EF6FFC-44A1-404C-B84F-57610BC75163}
		{57911903-8E48-4165-BB69-1CBB9E1930F9} = {A97642DC-6A05-453E-A6F3-5A78F1070E0A}
		{CC92870A-25F2-46E7-A370-FDE7BD41D8F1} = {A97642DC-6A05-453E-A6F3-5A78F1070E0A}
		{6F5DE5A6-315E-4361-BC05-C3897CB6D8A8} = {A97642DC-6A05-453E-A6F3-5A78F1070E0A}
		{5C318E9A-EBDA-43EC-97C1-D5634C4ACC62} = {86EF6FFC-44A1-404C-B84F-57610BC75163}
		{C579D9B1-1903-4200-9D61-1BDF18C08B2B} = {1FA83CE2-7261-48D8-ABCD-9F905B36D166}
		{2AD25754-610B-4CD9-BA9B-8114B5EE497A} = {B77417FA-F03F-474B-82A3-E2213A303382}
		{1B87CE9B-57F9-4699-A384-95A9752BCA01} = {7E5B26AA-4F89-4B8C-B743-AE3F04C9DD58}
		{EB3E6880-BD65-435B-BE8D-AFF6EE298C79} = {86EF6FFC-44A1-404C-B84F-57610BC75163}
		{DAA21B11-65C7-4833-8EE7-9AD7FA90F7C1} = {24314CC8-A729-4EE9-8F36-54B604695C23}
		{A20D3904-BB2D-411F-9001-ABB5DE3F0CBA} = {86EF6FFC-44A1-404C-B84F-57610BC75163}
		{150A7A1F-77B2-4510-BADB-5B0A13B29809} = {86EF6FFC-44A1-404C-B84F-57610BC75163}
		{24314CC8-A729-4EE9-8F36-54B604695C23} = {7E5B26AA-4F89-4B8C-B743-AE3F04C9DD58}
		{FF307136-5C92-40EC-833A-A95DA6C05CFF} = {24314CC8-A729-4EE9-8F36-54B604695C23}
		{9745CF44-8909-47CF-8B66-F33EACDEA5D5} = {ACDCD4DE-3AEE-4551-8574-0C198B9B11DF}
		{ACDCD4DE-3AEE-4551-8574-0C198B9B11DF} = {7E5B26AA-4F89-4B8C-B743-AE3F04C9DD58}
		{8591A79C-3A17-4B76-A704-99985D01CECC} = {1B87CE9B-57F9-4699-A384-95A9752BCA01}
		{BED39B44-FFE4-4D9B-9A0F-B4C23EC4D497} = {1B87CE9B-57F9-4699-A384-95A9752BCA01}
		{4A428C8A-D96F-41C0-A500-F55793497EDC} = {1B87CE9B-57F9-4699-A384-95A9752BCA01}
		{3A33444B-1C97-48E3-B061-A2DE415E92F7} = {1B87CE9B-57F9-4699-A384-95A9752BCA01}
		{3ECC96A4-EDAE-461F-9FFE-357CE3822E10} = {ACDCD4DE-3AEE-4551-8574-0C198B9B11DF}
		{81BF310C-1143-4442-BE90-E85B3DD242D7} = {ACDCD4DE-3AEE-4551-8574-0C198B9B11DF}
		{5E71A003-B281-4375-BCA9-06840B27046F} = {ACDCD4DE-3AEE-4551-8574-0C198B9B11DF}
		{AB7BF9F0-07AE-4CD0-A86F-1FE31DF83D6A} = {ACDCD4DE-3AEE-4551-8574-0C198B9B11DF}
		{24457220-78B9-41C0-8A5C-68A7130C5F1B} = {7E5B26AA-4F89-4B8C-B743-AE3F04C9DD58}
		{E742ADCE-2EBD-4AF7-9A58-17BB001DD656} = {ACDCD4DE-3AEE-4551-8574-0C198B9B11DF}
		{1FA83CE2-7261-48D8-ABCD-9F905B36D166} = {7E5B26AA-4F89-4B8C-B743-AE3F04C9DD58}
		{57D66330-ABD0-4D94-AB58-4F7CFCAA686F} = {ACDCD4DE-3AEE-4551-8574-0C198B9B11DF}
		{F38D0C9A-188D-4B4B-9594-B0B195DF8C3E} = {ACDCD4DE-3AEE-4551-8574-0C198B9B11DF}
		{E4C2F1D1-6ACB-435C-B397-92C4CF0DEFAB} = {89FE3DE3-2E58-4835-A476-CA2E309A1B3F}
		{E4AC2C23-5D6D-4ECE-ADB1-130416AD5292} = {89FE3DE3-2E58-4835-A476-CA2E309A1B3F}
		{01239FDF-05C5-4622-98BC-E65720A285DA} = {89FE3DE3-2E58-4835-A476-CA2E309A1B3F}
		{C4F76C9D-2459-4B3F-A2DA-7E4262C0A77D} = {E4C2F1D1-6ACB-435C-B397-92C4CF0DEFAB}
		{0083A323-FC72-4843-ACD6-3A57548BFF11} = {E4C2F1D1-6ACB-435C-B397-92C4CF0DEFAB}
		{897A1A35-ACC3-4ABB-9529-7A530D6DBB0F} = {E4C2F1D1-6ACB-435C-B397-92C4CF0DEFAB}
		{D7AB7627-B666-4335-8DDD-E42F4A47E4D4} = {86EF6FFC-44A1-404C-B84F-57610BC75163}
		{5C6F7771-0818-4BC6-9FE4-5AB3507A7549} = {D7AB7627-B666-4335-8DDD-E42F4A47E4D4}
		{EF70C3BC-918B-4A98-94F9-0125DA1D3F7D} = {D7AB7627-B666-4335-8DDD-E42F4A47E4D4}
		{1804D916-A748-40FF-9D87-4D5BD1E99C03} = {89FE3DE3-2E58-4835-A476-CA2E309A1B3F}
		{4A6AB183-49BB-4BDA-8A7F-FDFE7277CE8D} = {1804D916-A748-40FF-9D87-4D5BD1E99C03}
		{772FF845-41C0-4458-A2C9-CE71D4CE0453} = {C6E32703-2B62-4C1E-8DE0-DD7A65641926}
		{B18E8777-7930-4DE4-AB1E-CCE4D3B9C6D0} = {A97642DC-6A05-453E-A6F3-5A78F1070E0A}
	EndGlobalSection
	GlobalSection(ExtensibilityGlobals) = postSolution
		SolutionGuid = {A8C26757-CDED-4779-94DE-C0D4929F64C2}
	EndGlobalSection
EndGlobal
