
Microsoft Visual Studio Solution File, Format Version 12.00
# Visual Studio Version 17
VisualStudioVersion = 17.0.31612.314
MinimumVisualStudioVersion = 10.0.40219.1
Project("{2150E333-8FDC-42A3-9474-1A3956D46DE8}") = "RenderEngine", "RenderEngine", "{89FE3DE3-2E58-4835-A476-CA2E309A1B3F}"
EndProject
Project("{9A19103F-16F7-4668-BE54-9A1E7A4F7556}") = "H.LowCode.RenderEngine", "RenderEngine\H.LowCode.RenderEngine\H.LowCode.RenderEngine.csproj", "{47EE6944-D5F8-46CD-A552-29A237BE87BD}"
EndProject
Project("{9A19103F-16F7-4668-BE54-9A1E7A4F7556}") = "H.LowCode.RenderEngine.Html", "RenderEngine\H.LowCode.RenderEngine.Html\H.LowCode.RenderEngine.Html.csproj", "{080EBED7-FD5D-4092-874D-6431FC8B9E2A}"
EndProject
Project("{9A19103F-16F7-4668-BE54-9A1E7A4F7556}") = "H.LowCode.RenderEngine.AntBlazor", "RenderEngine\H.LowCode.RenderEngine.AntBlazor\H.LowCode.RenderEngine.AntBlazor.csproj", "{F4DCCF49-7D2D-4359-8D48-09F6167E1AA2}"
EndProject
Project("{2150E333-8FDC-42A3-9474-1A3956D46DE8}") = "DesignEngine", "DesignEngine", "{7E5B26AA-4F89-4B8C-B743-AE3F04C9DD58}"
EndProject
Project("{9A19103F-16F7-4668-BE54-9A1E7A4F7556}") = "H.LowCode.DesignEngine", "DesignEngine\H.LowCode.DesignEngine\H.LowCode.DesignEngine.csproj", "{9BE2FECD-B648-4B15-B394-E354F98D1B73}"
EndProject
Project("{9A19103F-16F7-4668-BE54-9A1E7A4F7556}") = "H.LowCode.DesignEngine.Components", "DesignEngine\H.LowCode.DesignEngine.Components\H.LowCode.DesignEngine.Components.csproj", "{DAA21B11-65C7-4833-8EE7-9AD7FA90F7C1}"
EndProject
Project("{9A19103F-16F7-4668-BE54-9A1E7A4F7556}") = "H.LowCode.DesignEngine.Components.Custom", "DesignEngine\H.LowCode.DesignEngine.Components.Custom\H.LowCode.DesignEngine.Components.Custom.csproj", "{FF307136-5C92-40EC-833A-A95DA6C05CFF}"
EndProject
Project("{2150E333-8FDC-42A3-9474-1A3956D46DE8}") = ".config", ".config", "{8B2D37CA-78EA-401B-B598-EFB3C7FD6517}"
	ProjectSection(SolutionItems) = preProject
		Directory.Packages.props = Directory.Packages.props
		global.props = global.props
		lowcode.props = lowcode.props
		NuGet.config = NuGet.config
	EndProjectSection
EndProject
Project("{9A19103F-16F7-4668-BE54-9A1E7A4F7556}") = "H.LowCode.Metadata", "Common\H.LowCode.Metadata\H.LowCode.Metadata.csproj", "{74A437A0-459A-49FB-972A-715B2DBD04D6}"
EndProject
Project("{2150E333-8FDC-42A3-9474-1A3956D46DE8}") = "Sample", "Sample", "{F75960D8-46A6-4D7C-9D0E-176274B11798}"
EndProject
Project("{9A19103F-16F7-4668-BE54-9A1E7A4F7556}") = "H.LowCode.Sample.Application.Abstraction", "Sample\H.LowCode.Sample.Application.Abstraction\H.LowCode.Sample.Application.Abstraction.csproj", "{ADFBBE49-DE94-447E-9C74-5B0BD531F84C}"
EndProject
Project("{9A19103F-16F7-4668-BE54-9A1E7A4F7556}") = "H.LowCode.Sample.Application", "Sample\H.LowCode.Sample.Application\H.LowCode.Sample.Application.csproj", "{AE3C2C68-7FEF-42EB-B80A-B53D473B4789}"
EndProject
Project("{9A19103F-16F7-4668-BE54-9A1E7A4F7556}") = "H.LowCode.Sample.HttpApi", "Sample\H.LowCode.Sample.HttpApi\H.LowCode.Sample.HttpApi.csproj", "{97B12BD8-BBCB-4529-804B-9A17DAFDDBCC}"
EndProject
Project("{2150E333-8FDC-42A3-9474-1A3956D46DE8}") = "Common", "Common", "{4E9BFDA3-AFC6-41F3-817C-FD9E82322BDA}"
EndProject
Project("{2150E333-8FDC-42A3-9474-1A3956D46DE8}") = "HttpApi", "HttpApi", "{ED120C80-E2EB-4EA0-AE9D-F53F9F3DBBAF}"
EndProject
Project("{9A19103F-16F7-4668-BE54-9A1E7A4F7556}") = "H.LowCode.Sample.Host.Client", "Sample\H.LowCode.Sample.Host.Client\H.LowCode.Sample.Host.Client.csproj", "{C4C52B9B-9EA4-4FD1-9E22-5316042AF42E}"
EndProject
Project("{9A19103F-16F7-4668-BE54-9A1E7A4F7556}") = "H.LowCode.Sample.Host", "Sample\H.LowCode.Sample.Host\H.LowCode.Sample.Host.csproj", "{409659D4-C3E9-4AF2-9652-4BBFEAD32C32}"
EndProject
Project("{9A19103F-16F7-4668-BE54-9A1E7A4F7556}") = "H.LowCode.Sample.Admin", "Sample\H.LowCode.Sample.Admin\H.LowCode.Sample.Admin.csproj", "{7FDD492D-79C7-4866-884E-A5CF93F8C3AC}"
EndProject
Global
	GlobalSection(SolutionConfigurationPlatforms) = preSolution
		Debug|Any CPU = Debug|Any CPU
		Release|Any CPU = Release|Any CPU
	EndGlobalSection
	GlobalSection(ProjectConfigurationPlatforms) = postSolution
		{47EE6944-D5F8-46CD-A552-29A237BE87BD}.Debug|Any CPU.ActiveCfg = Debug|Any CPU
		{47EE6944-D5F8-46CD-A552-29A237BE87BD}.Debug|Any CPU.Build.0 = Debug|Any CPU
		{47EE6944-D5F8-46CD-A552-29A237BE87BD}.Release|Any CPU.ActiveCfg = Release|Any CPU
		{47EE6944-D5F8-46CD-A552-29A237BE87BD}.Release|Any CPU.Build.0 = Release|Any CPU
		{080EBED7-FD5D-4092-874D-6431FC8B9E2A}.Debug|Any CPU.ActiveCfg = Debug|Any CPU
		{080EBED7-FD5D-4092-874D-6431FC8B9E2A}.Debug|Any CPU.Build.0 = Debug|Any CPU
		{080EBED7-FD5D-4092-874D-6431FC8B9E2A}.Release|Any CPU.ActiveCfg = Release|Any CPU
		{080EBED7-FD5D-4092-874D-6431FC8B9E2A}.Release|Any CPU.Build.0 = Release|Any CPU
		{F4DCCF49-7D2D-4359-8D48-09F6167E1AA2}.Debug|Any CPU.ActiveCfg = Debug|Any CPU
		{F4DCCF49-7D2D-4359-8D48-09F6167E1AA2}.Debug|Any CPU.Build.0 = Debug|Any CPU
		{F4DCCF49-7D2D-4359-8D48-09F6167E1AA2}.Release|Any CPU.ActiveCfg = Release|Any CPU
		{F4DCCF49-7D2D-4359-8D48-09F6167E1AA2}.Release|Any CPU.Build.0 = Release|Any CPU
		{9BE2FECD-B648-4B15-B394-E354F98D1B73}.Debug|Any CPU.ActiveCfg = Debug|Any CPU
		{9BE2FECD-B648-4B15-B394-E354F98D1B73}.Debug|Any CPU.Build.0 = Debug|Any CPU
		{9BE2FECD-B648-4B15-B394-E354F98D1B73}.Release|Any CPU.ActiveCfg = Release|Any CPU
		{9BE2FECD-B648-4B15-B394-E354F98D1B73}.Release|Any CPU.Build.0 = Release|Any CPU
		{DAA21B11-65C7-4833-8EE7-9AD7FA90F7C1}.Debug|Any CPU.ActiveCfg = Debug|Any CPU
		{DAA21B11-65C7-4833-8EE7-9AD7FA90F7C1}.Debug|Any CPU.Build.0 = Debug|Any CPU
		{DAA21B11-65C7-4833-8EE7-9AD7FA90F7C1}.Release|Any CPU.ActiveCfg = Release|Any CPU
		{DAA21B11-65C7-4833-8EE7-9AD7FA90F7C1}.Release|Any CPU.Build.0 = Release|Any CPU
		{FF307136-5C92-40EC-833A-A95DA6C05CFF}.Debug|Any CPU.ActiveCfg = Debug|Any CPU
		{FF307136-5C92-40EC-833A-A95DA6C05CFF}.Debug|Any CPU.Build.0 = Debug|Any CPU
		{FF307136-5C92-40EC-833A-A95DA6C05CFF}.Release|Any CPU.ActiveCfg = Release|Any CPU
		{FF307136-5C92-40EC-833A-A95DA6C05CFF}.Release|Any CPU.Build.0 = Release|Any CPU
		{74A437A0-459A-49FB-972A-715B2DBD04D6}.Debug|Any CPU.ActiveCfg = Debug|Any CPU
		{74A437A0-459A-49FB-972A-715B2DBD04D6}.Debug|Any CPU.Build.0 = Debug|Any CPU
		{74A437A0-459A-49FB-972A-715B2DBD04D6}.Release|Any CPU.ActiveCfg = Release|Any CPU
		{74A437A0-459A-49FB-972A-715B2DBD04D6}.Release|Any CPU.Build.0 = Release|Any CPU
		{ADFBBE49-DE94-447E-9C74-5B0BD531F84C}.Debug|Any CPU.ActiveCfg = Debug|Any CPU
		{ADFBBE49-DE94-447E-9C74-5B0BD531F84C}.Debug|Any CPU.Build.0 = Debug|Any CPU
		{ADFBBE49-DE94-447E-9C74-5B0BD531F84C}.Release|Any CPU.ActiveCfg = Release|Any CPU
		{ADFBBE49-DE94-447E-9C74-5B0BD531F84C}.Release|Any CPU.Build.0 = Release|Any CPU
		{AE3C2C68-7FEF-42EB-B80A-B53D473B4789}.Debug|Any CPU.ActiveCfg = Debug|Any CPU
		{AE3C2C68-7FEF-42EB-B80A-B53D473B4789}.Debug|Any CPU.Build.0 = Debug|Any CPU
		{AE3C2C68-7FEF-42EB-B80A-B53D473B4789}.Release|Any CPU.ActiveCfg = Release|Any CPU
		{AE3C2C68-7FEF-42EB-B80A-B53D473B4789}.Release|Any CPU.Build.0 = Release|Any CPU
		{97B12BD8-BBCB-4529-804B-9A17DAFDDBCC}.Debug|Any CPU.ActiveCfg = Debug|Any CPU
		{97B12BD8-BBCB-4529-804B-9A17DAFDDBCC}.Debug|Any CPU.Build.0 = Debug|Any CPU
		{97B12BD8-BBCB-4529-804B-9A17DAFDDBCC}.Release|Any CPU.ActiveCfg = Release|Any CPU
		{97B12BD8-BBCB-4529-804B-9A17DAFDDBCC}.Release|Any CPU.Build.0 = Release|Any CPU
		{C4C52B9B-9EA4-4FD1-9E22-5316042AF42E}.Debug|Any CPU.ActiveCfg = Debug|Any CPU
		{C4C52B9B-9EA4-4FD1-9E22-5316042AF42E}.Debug|Any CPU.Build.0 = Debug|Any CPU
		{C4C52B9B-9EA4-4FD1-9E22-5316042AF42E}.Release|Any CPU.ActiveCfg = Release|Any CPU
		{C4C52B9B-9EA4-4FD1-9E22-5316042AF42E}.Release|Any CPU.Build.0 = Release|Any CPU
		{409659D4-C3E9-4AF2-9652-4BBFEAD32C32}.Debug|Any CPU.ActiveCfg = Debug|Any CPU
		{409659D4-C3E9-4AF2-9652-4BBFEAD32C32}.Debug|Any CPU.Build.0 = Debug|Any CPU
		{409659D4-C3E9-4AF2-9652-4BBFEAD32C32}.Release|Any CPU.ActiveCfg = Release|Any CPU
		{409659D4-C3E9-4AF2-9652-4BBFEAD32C32}.Release|Any CPU.Build.0 = Release|Any CPU
		{7FDD492D-79C7-4866-884E-A5CF93F8C3AC}.Debug|Any CPU.ActiveCfg = Debug|Any CPU
		{7FDD492D-79C7-4866-884E-A5CF93F8C3AC}.Debug|Any CPU.Build.0 = Debug|Any CPU
		{7FDD492D-79C7-4866-884E-A5CF93F8C3AC}.Release|Any CPU.ActiveCfg = Release|Any CPU
		{7FDD492D-79C7-4866-884E-A5CF93F8C3AC}.Release|Any CPU.Build.0 = Release|Any CPU
	EndGlobalSection
	GlobalSection(SolutionProperties) = preSolution
		HideSolutionNode = FALSE
	EndGlobalSection
	GlobalSection(NestedProjects) = preSolution
		{47EE6944-D5F8-46CD-A552-29A237BE87BD} = {89FE3DE3-2E58-4835-A476-CA2E309A1B3F}
		{080EBED7-FD5D-4092-874D-6431FC8B9E2A} = {89FE3DE3-2E58-4835-A476-CA2E309A1B3F}
		{F4DCCF49-7D2D-4359-8D48-09F6167E1AA2} = {89FE3DE3-2E58-4835-A476-CA2E309A1B3F}
		{9BE2FECD-B648-4B15-B394-E354F98D1B73} = {7E5B26AA-4F89-4B8C-B743-AE3F04C9DD58}
		{DAA21B11-65C7-4833-8EE7-9AD7FA90F7C1} = {7E5B26AA-4F89-4B8C-B743-AE3F04C9DD58}
		{FF307136-5C92-40EC-833A-A95DA6C05CFF} = {7E5B26AA-4F89-4B8C-B743-AE3F04C9DD58}
		{74A437A0-459A-49FB-972A-715B2DBD04D6} = {4E9BFDA3-AFC6-41F3-817C-FD9E82322BDA}
		{ADFBBE49-DE94-447E-9C74-5B0BD531F84C} = {ED120C80-E2EB-4EA0-AE9D-F53F9F3DBBAF}
		{AE3C2C68-7FEF-42EB-B80A-B53D473B4789} = {ED120C80-E2EB-4EA0-AE9D-F53F9F3DBBAF}
		{97B12BD8-BBCB-4529-804B-9A17DAFDDBCC} = {ED120C80-E2EB-4EA0-AE9D-F53F9F3DBBAF}
		{ED120C80-E2EB-4EA0-AE9D-F53F9F3DBBAF} = {F75960D8-46A6-4D7C-9D0E-176274B11798}
		{C4C52B9B-9EA4-4FD1-9E22-5316042AF42E} = {F75960D8-46A6-4D7C-9D0E-176274B11798}
		{409659D4-C3E9-4AF2-9652-4BBFEAD32C32} = {F75960D8-46A6-4D7C-9D0E-176274B11798}
		{7FDD492D-79C7-4866-884E-A5CF93F8C3AC} = {F75960D8-46A6-4D7C-9D0E-176274B11798}
	EndGlobalSection
	GlobalSection(ExtensibilityGlobals) = postSolution
		SolutionGuid = {A8C26757-CDED-4779-94DE-C0D4929F64C2}
	EndGlobalSection
EndGlobal
