
Microsoft Visual Studio Solution File, Format Version 12.00
# Visual Studio Version 17
VisualStudioVersion = 17.0.31612.314
MinimumVisualStudioVersion = 10.0.40219.1
Project("{9A19103F-16F7-4668-BE54-9A1E7A4F7556}") = "H.LowCode.Utility", "H.LowCode.Utility\H.LowCode.Utility.csproj", "{E5401D56-4C54-45B7-AB1B-2C1FF5F6B882}"
EndProject
Project("{2150E333-8FDC-42A3-9474-1A3956D46DE8}") = "99 Utility", "99 Utility", "{899D26A3-3A92-4ADE-A548-1618C738AA97}"
EndProject
Project("{2150E333-8FDC-42A3-9474-1A3956D46DE8}") = "01 PageRender", "01 PageRender", "{89FE3DE3-2E58-4835-A476-CA2E309A1B3F}"
EndProject
Project("{9A19103F-16F7-4668-BE54-9A1E7A4F7556}") = "H.LowCode.RenderEngine", "H.LowCode.RenderEngine\H.LowCode.RenderEngine.csproj", "{47EE6944-D5F8-46CD-A552-29A237BE87BD}"
EndProject
Project("{9A19103F-16F7-4668-BE54-9A1E7A4F7556}") = "H.LowCode.RenderEngine.Html", "H.LowCode.RenderEngine.Html\H.LowCode.RenderEngine.Html.csproj", "{080EBED7-FD5D-4092-874D-6431FC8B9E2A}"
EndProject
Project("{9A19103F-16F7-4668-BE54-9A1E7A4F7556}") = "H.LowCode.RenderEngine.AntBlazor", "H.LowCode.RenderEngine.AntBlazor\H.LowCode.RenderEngine.AntBlazor.csproj", "{F4DCCF49-7D2D-4359-8D48-09F6167E1AA2}"
EndProject
Project("{9A19103F-16F7-4668-BE54-9A1E7A4F7556}") = "H.LowCode.Theme.AntBlazorPro", "H.LowCode.Theme.AntBlazorPro\H.LowCode.Theme.AntBlazorPro.csproj", "{2AE744B3-657D-41C2-9237-4776B7CE7D5B}"
EndProject
Project("{9A19103F-16F7-4668-BE54-9A1E7A4F7556}") = "H.LowCode.Theme.Html", "H.LowCode.Theme.Html\H.LowCode.Theme.Html.csproj", "{BE0B5EEE-3F09-48F4-BDB9-BB4ABEF9EE94}"
EndProject
Project("{2150E333-8FDC-42A3-9474-1A3956D46DE8}") = "02 PageDesigner", "02 PageDesigner", "{7E5B26AA-4F89-4B8C-B743-AE3F04C9DD58}"
EndProject
Project("{9A19103F-16F7-4668-BE54-9A1E7A4F7556}") = "H.LowCode.Render.WasmHost", "H.LowCode.Render.WasmHost\H.LowCode.Render.WasmHost.csproj", "{22DAFFD0-99CB-436F-B89D-D6E2F9E11699}"
EndProject
Project("{9A19103F-16F7-4668-BE54-9A1E7A4F7556}") = "H.LowCode.Render.HttpApi", "H.LowCode.Render.HttpApi\H.LowCode.Render.HttpApi.csproj", "{319D6087-9BF4-4BEC-B793-8173D73821DA}"
EndProject
Project("{2150E333-8FDC-42A3-9474-1A3956D46DE8}") = "Themes", "Themes", "{C5CC4984-12C5-4789-8150-666532B6AC9C}"
EndProject
Project("{9A19103F-16F7-4668-BE54-9A1E7A4F7556}") = "H.LowCode.DesignerEngine", "H.LowCode.DesignerEngine\H.LowCode.DesignerEngine.csproj", "{9BE2FECD-B648-4B15-B394-E354F98D1B73}"
EndProject
Project("{9A19103F-16F7-4668-BE54-9A1E7A4F7556}") = "H.LowCode.Designer.WasmHost", "H.LowCode.Designer.WasmHost\H.LowCode.Designer.WasmHost.csproj", "{EF1E1D92-796C-4785-BABF-6BA3BFABDC38}"
EndProject
Project("{2150E333-8FDC-42A3-9474-1A3956D46DE8}") = "RenderEngine", "RenderEngine", "{937D596E-0298-4D2A-B5ED-08D366FF7031}"
EndProject
Project("{9A19103F-16F7-4668-BE54-9A1E7A4F7556}") = "H.LowCode.Designer.Admin", "H.LowCode.Designer.Admin\H.LowCode.Designer.Admin.csproj", "{C2638FD1-0D86-40F8-A2A7-4192E4E27A7A}"
EndProject
Project("{9A19103F-16F7-4668-BE54-9A1E7A4F7556}") = "H.LowCode.BlazorExtensions", "H.LowCode.BlazorExtensions\H.LowCode.BlazorExtensions.csproj", "{F019B121-A97F-4928-9FEF-744575D97FA8}"
EndProject
Project("{9A19103F-16F7-4668-BE54-9A1E7A4F7556}") = "H.LowCode.Designer.HttpApi", "H.LowCode.Designer.HttpApi\H.LowCode.Designer.HttpApi.csproj", "{F12CF5EB-A0EC-4EAE-8DCF-3B057794A183}"
EndProject
Project("{2150E333-8FDC-42A3-9474-1A3956D46DE8}") = "03 WorkflowDesigner", "03 WorkflowDesigner", "{A97642DC-6A05-453E-A6F3-5A78F1070E0A}"
EndProject
Project("{9A19103F-16F7-4668-BE54-9A1E7A4F7556}") = "H.LowCode.WorkflowDesigner", "H.LowCode.WorkflowDesigner\H.LowCode.WorkflowDesigner.csproj", "{57911903-8E48-4165-BB69-1CBB9E1930F9}"
EndProject
Project("{9A19103F-16F7-4668-BE54-9A1E7A4F7556}") = "H.LowCode.WorkflowEngine.HttpApi", "H.LowCode.WorkflowEngine.HttpApi\H.LowCode.WorkflowEngine.HttpApi.csproj", "{CC92870A-25F2-46E7-A370-FDE7BD41D8F1}"
EndProject
Project("{9A19103F-16F7-4668-BE54-9A1E7A4F7556}") = "H.LowCode.WorkflowDesigner.WasmHost", "H.LowCode.WorkflowDesigner.WasmHost\H.LowCode.WorkflowDesigner.WasmHost.csproj", "{6F5DE5A6-315E-4361-BC05-C3897CB6D8A8}"
EndProject
Project("{2150E333-8FDC-42A3-9474-1A3956D46DE8}") = "04 ChartDesigner", "04 ChartDesigner", "{5C318E9A-EBDA-43EC-97C1-D5634C4ACC62}"
EndProject
Project("{9A19103F-16F7-4668-BE54-9A1E7A4F7556}") = "H.LowCode.Metadata", "H.LowCode.Metadata\H.LowCode.Metadata.csproj", "{8DBF4B2B-377F-4C72-AC0D-0FEBCA02F2F7}"
EndProject
Global
	GlobalSection(SolutionConfigurationPlatforms) = preSolution
		Debug|Any CPU = Debug|Any CPU
		Release|Any CPU = Release|Any CPU
	EndGlobalSection
	GlobalSection(ProjectConfigurationPlatforms) = postSolution
		{E5401D56-4C54-45B7-AB1B-2C1FF5F6B882}.Debug|Any CPU.ActiveCfg = Debug|Any CPU
		{E5401D56-4C54-45B7-AB1B-2C1FF5F6B882}.Debug|Any CPU.Build.0 = Debug|Any CPU
		{E5401D56-4C54-45B7-AB1B-2C1FF5F6B882}.Release|Any CPU.ActiveCfg = Release|Any CPU
		{E5401D56-4C54-45B7-AB1B-2C1FF5F6B882}.Release|Any CPU.Build.0 = Release|Any CPU
		{47EE6944-D5F8-46CD-A552-29A237BE87BD}.Debug|Any CPU.ActiveCfg = Debug|Any CPU
		{47EE6944-D5F8-46CD-A552-29A237BE87BD}.Debug|Any CPU.Build.0 = Debug|Any CPU
		{47EE6944-D5F8-46CD-A552-29A237BE87BD}.Release|Any CPU.ActiveCfg = Release|Any CPU
		{47EE6944-D5F8-46CD-A552-29A237BE87BD}.Release|Any CPU.Build.0 = Release|Any CPU
		{080EBED7-FD5D-4092-874D-6431FC8B9E2A}.Debug|Any CPU.ActiveCfg = Debug|Any CPU
		{080EBED7-FD5D-4092-874D-6431FC8B9E2A}.Debug|Any CPU.Build.0 = Debug|Any CPU
		{080EBED7-FD5D-4092-874D-6431FC8B9E2A}.Release|Any CPU.ActiveCfg = Release|Any CPU
		{080EBED7-FD5D-4092-874D-6431FC8B9E2A}.Release|Any CPU.Build.0 = Release|Any CPU
		{F4DCCF49-7D2D-4359-8D48-09F6167E1AA2}.Debug|Any CPU.ActiveCfg = Debug|Any CPU
		{F4DCCF49-7D2D-4359-8D48-09F6167E1AA2}.Debug|Any CPU.Build.0 = Debug|Any CPU
		{F4DCCF49-7D2D-4359-8D48-09F6167E1AA2}.Release|Any CPU.ActiveCfg = Release|Any CPU
		{F4DCCF49-7D2D-4359-8D48-09F6167E1AA2}.Release|Any CPU.Build.0 = Release|Any CPU
		{2AE744B3-657D-41C2-9237-4776B7CE7D5B}.Debug|Any CPU.ActiveCfg = Debug|Any CPU
		{2AE744B3-657D-41C2-9237-4776B7CE7D5B}.Debug|Any CPU.Build.0 = Debug|Any CPU
		{2AE744B3-657D-41C2-9237-4776B7CE7D5B}.Release|Any CPU.ActiveCfg = Release|Any CPU
		{2AE744B3-657D-41C2-9237-4776B7CE7D5B}.Release|Any CPU.Build.0 = Release|Any CPU
		{BE0B5EEE-3F09-48F4-BDB9-BB4ABEF9EE94}.Debug|Any CPU.ActiveCfg = Debug|Any CPU
		{BE0B5EEE-3F09-48F4-BDB9-BB4ABEF9EE94}.Debug|Any CPU.Build.0 = Debug|Any CPU
		{BE0B5EEE-3F09-48F4-BDB9-BB4ABEF9EE94}.Release|Any CPU.ActiveCfg = Release|Any CPU
		{BE0B5EEE-3F09-48F4-BDB9-BB4ABEF9EE94}.Release|Any CPU.Build.0 = Release|Any CPU
		{22DAFFD0-99CB-436F-B89D-D6E2F9E11699}.Debug|Any CPU.ActiveCfg = Debug|Any CPU
		{22DAFFD0-99CB-436F-B89D-D6E2F9E11699}.Debug|Any CPU.Build.0 = Debug|Any CPU
		{22DAFFD0-99CB-436F-B89D-D6E2F9E11699}.Release|Any CPU.ActiveCfg = Release|Any CPU
		{22DAFFD0-99CB-436F-B89D-D6E2F9E11699}.Release|Any CPU.Build.0 = Release|Any CPU
		{319D6087-9BF4-4BEC-B793-8173D73821DA}.Debug|Any CPU.ActiveCfg = Debug|Any CPU
		{319D6087-9BF4-4BEC-B793-8173D73821DA}.Debug|Any CPU.Build.0 = Debug|Any CPU
		{319D6087-9BF4-4BEC-B793-8173D73821DA}.Release|Any CPU.ActiveCfg = Release|Any CPU
		{319D6087-9BF4-4BEC-B793-8173D73821DA}.Release|Any CPU.Build.0 = Release|Any CPU
		{9BE2FECD-B648-4B15-B394-E354F98D1B73}.Debug|Any CPU.ActiveCfg = Debug|Any CPU
		{9BE2FECD-B648-4B15-B394-E354F98D1B73}.Debug|Any CPU.Build.0 = Debug|Any CPU
		{9BE2FECD-B648-4B15-B394-E354F98D1B73}.Release|Any CPU.ActiveCfg = Release|Any CPU
		{9BE2FECD-B648-4B15-B394-E354F98D1B73}.Release|Any CPU.Build.0 = Release|Any CPU
		{EF1E1D92-796C-4785-BABF-6BA3BFABDC38}.Debug|Any CPU.ActiveCfg = Debug|Any CPU
		{EF1E1D92-796C-4785-BABF-6BA3BFABDC38}.Debug|Any CPU.Build.0 = Debug|Any CPU
		{EF1E1D92-796C-4785-BABF-6BA3BFABDC38}.Release|Any CPU.ActiveCfg = Release|Any CPU
		{EF1E1D92-796C-4785-BABF-6BA3BFABDC38}.Release|Any CPU.Build.0 = Release|Any CPU
		{C2638FD1-0D86-40F8-A2A7-4192E4E27A7A}.Debug|Any CPU.ActiveCfg = Debug|Any CPU
		{C2638FD1-0D86-40F8-A2A7-4192E4E27A7A}.Debug|Any CPU.Build.0 = Debug|Any CPU
		{C2638FD1-0D86-40F8-A2A7-4192E4E27A7A}.Release|Any CPU.ActiveCfg = Release|Any CPU
		{C2638FD1-0D86-40F8-A2A7-4192E4E27A7A}.Release|Any CPU.Build.0 = Release|Any CPU
		{F019B121-A97F-4928-9FEF-744575D97FA8}.Debug|Any CPU.ActiveCfg = Debug|Any CPU
		{F019B121-A97F-4928-9FEF-744575D97FA8}.Debug|Any CPU.Build.0 = Debug|Any CPU
		{F019B121-A97F-4928-9FEF-744575D97FA8}.Release|Any CPU.ActiveCfg = Release|Any CPU
		{F019B121-A97F-4928-9FEF-744575D97FA8}.Release|Any CPU.Build.0 = Release|Any CPU
		{F12CF5EB-A0EC-4EAE-8DCF-3B057794A183}.Debug|Any CPU.ActiveCfg = Debug|Any CPU
		{F12CF5EB-A0EC-4EAE-8DCF-3B057794A183}.Debug|Any CPU.Build.0 = Debug|Any CPU
		{F12CF5EB-A0EC-4EAE-8DCF-3B057794A183}.Release|Any CPU.ActiveCfg = Release|Any CPU
		{F12CF5EB-A0EC-4EAE-8DCF-3B057794A183}.Release|Any CPU.Build.0 = Release|Any CPU
		{57911903-8E48-4165-BB69-1CBB9E1930F9}.Debug|Any CPU.ActiveCfg = Debug|Any CPU
		{57911903-8E48-4165-BB69-1CBB9E1930F9}.Debug|Any CPU.Build.0 = Debug|Any CPU
		{57911903-8E48-4165-BB69-1CBB9E1930F9}.Release|Any CPU.ActiveCfg = Release|Any CPU
		{57911903-8E48-4165-BB69-1CBB9E1930F9}.Release|Any CPU.Build.0 = Release|Any CPU
		{CC92870A-25F2-46E7-A370-FDE7BD41D8F1}.Debug|Any CPU.ActiveCfg = Debug|Any CPU
		{CC92870A-25F2-46E7-A370-FDE7BD41D8F1}.Debug|Any CPU.Build.0 = Debug|Any CPU
		{CC92870A-25F2-46E7-A370-FDE7BD41D8F1}.Release|Any CPU.ActiveCfg = Release|Any CPU
		{CC92870A-25F2-46E7-A370-FDE7BD41D8F1}.Release|Any CPU.Build.0 = Release|Any CPU
		{6F5DE5A6-315E-4361-BC05-C3897CB6D8A8}.Debug|Any CPU.ActiveCfg = Debug|Any CPU
		{6F5DE5A6-315E-4361-BC05-C3897CB6D8A8}.Debug|Any CPU.Build.0 = Debug|Any CPU
		{6F5DE5A6-315E-4361-BC05-C3897CB6D8A8}.Release|Any CPU.ActiveCfg = Release|Any CPU
		{6F5DE5A6-315E-4361-BC05-C3897CB6D8A8}.Release|Any CPU.Build.0 = Release|Any CPU
		{8DBF4B2B-377F-4C72-AC0D-0FEBCA02F2F7}.Debug|Any CPU.ActiveCfg = Debug|Any CPU
		{8DBF4B2B-377F-4C72-AC0D-0FEBCA02F2F7}.Debug|Any CPU.Build.0 = Debug|Any CPU
		{8DBF4B2B-377F-4C72-AC0D-0FEBCA02F2F7}.Release|Any CPU.ActiveCfg = Release|Any CPU
		{8DBF4B2B-377F-4C72-AC0D-0FEBCA02F2F7}.Release|Any CPU.Build.0 = Release|Any CPU
	EndGlobalSection
	GlobalSection(SolutionProperties) = preSolution
		HideSolutionNode = FALSE
	EndGlobalSection
	GlobalSection(NestedProjects) = preSolution
		{E5401D56-4C54-45B7-AB1B-2C1FF5F6B882} = {899D26A3-3A92-4ADE-A548-1618C738AA97}
		{47EE6944-D5F8-46CD-A552-29A237BE87BD} = {937D596E-0298-4D2A-B5ED-08D366FF7031}
		{080EBED7-FD5D-4092-874D-6431FC8B9E2A} = {937D596E-0298-4D2A-B5ED-08D366FF7031}
		{F4DCCF49-7D2D-4359-8D48-09F6167E1AA2} = {937D596E-0298-4D2A-B5ED-08D366FF7031}
		{2AE744B3-657D-41C2-9237-4776B7CE7D5B} = {C5CC4984-12C5-4789-8150-666532B6AC9C}
		{BE0B5EEE-3F09-48F4-BDB9-BB4ABEF9EE94} = {C5CC4984-12C5-4789-8150-666532B6AC9C}
		{22DAFFD0-99CB-436F-B89D-D6E2F9E11699} = {89FE3DE3-2E58-4835-A476-CA2E309A1B3F}
		{319D6087-9BF4-4BEC-B793-8173D73821DA} = {89FE3DE3-2E58-4835-A476-CA2E309A1B3F}
		{C5CC4984-12C5-4789-8150-666532B6AC9C} = {89FE3DE3-2E58-4835-A476-CA2E309A1B3F}
		{9BE2FECD-B648-4B15-B394-E354F98D1B73} = {7E5B26AA-4F89-4B8C-B743-AE3F04C9DD58}
		{EF1E1D92-796C-4785-BABF-6BA3BFABDC38} = {7E5B26AA-4F89-4B8C-B743-AE3F04C9DD58}
		{937D596E-0298-4D2A-B5ED-08D366FF7031} = {89FE3DE3-2E58-4835-A476-CA2E309A1B3F}
		{C2638FD1-0D86-40F8-A2A7-4192E4E27A7A} = {7E5B26AA-4F89-4B8C-B743-AE3F04C9DD58}
		{F019B121-A97F-4928-9FEF-744575D97FA8} = {899D26A3-3A92-4ADE-A548-1618C738AA97}
		{F12CF5EB-A0EC-4EAE-8DCF-3B057794A183} = {7E5B26AA-4F89-4B8C-B743-AE3F04C9DD58}
		{57911903-8E48-4165-BB69-1CBB9E1930F9} = {A97642DC-6A05-453E-A6F3-5A78F1070E0A}
		{CC92870A-25F2-46E7-A370-FDE7BD41D8F1} = {A97642DC-6A05-453E-A6F3-5A78F1070E0A}
		{6F5DE5A6-315E-4361-BC05-C3897CB6D8A8} = {A97642DC-6A05-453E-A6F3-5A78F1070E0A}
		{8DBF4B2B-377F-4C72-AC0D-0FEBCA02F2F7} = {89FE3DE3-2E58-4835-A476-CA2E309A1B3F}
	EndGlobalSection
	GlobalSection(ExtensibilityGlobals) = postSolution
		SolutionGuid = {A8C26757-CDED-4779-94DE-C0D4929F64C2}
	EndGlobalSection
EndGlobal
