
Microsoft Visual Studio Solution File, Format Version 12.00
# Visual Studio Version 17
VisualStudioVersion = 17.0.31612.314
MinimumVisualStudioVersion = 10.0.40219.1
Project("{2150E333-8FDC-42A3-9474-1A3956D46DE8}") = "99 Extensions", "99 Extensions", "{899D26A3-3A92-4ADE-A548-1618C738AA97}"
EndProject
Project("{2150E333-8FDC-42A3-9474-1A3956D46DE8}") = "02 RenderEngine", "02 RenderEngine", "{89FE3DE3-2E58-4835-A476-CA2E309A1B3F}"
EndProject
Project("{9A19103F-16F7-4668-BE54-9A1E7A4F7556}") = "H.LowCode.RenderEngine", "H.LowCode.RenderEngine\H.LowCode.RenderEngine\H.LowCode.RenderEngine.csproj", "{47EE6944-D5F8-46CD-A552-29A237BE87BD}"
EndProject
Project("{9A19103F-16F7-4668-BE54-9A1E7A4F7556}") = "H.LowCode.RenderEngine.Html", "H.LowCode.RenderEngine\H.LowCode.RenderEngine.Html\H.LowCode.RenderEngine.Html.csproj", "{080EBED7-FD5D-4092-874D-6431FC8B9E2A}"
EndProject
Project("{9A19103F-16F7-4668-BE54-9A1E7A4F7556}") = "H.LowCode.RenderEngine.AntBlazor", "H.LowCode.RenderEngine\H.LowCode.RenderEngine.AntBlazor\H.LowCode.RenderEngine.AntBlazor.csproj", "{F4DCCF49-7D2D-4359-8D48-09F6167E1AA2}"
EndProject
Project("{9A19103F-16F7-4668-BE54-9A1E7A4F7556}") = "H.LowCode.Theme.AntBlazorPro", "H.LowCode.RenderEngine\H.LowCode.Theme.AntBlazorPro\H.LowCode.Theme.AntBlazorPro.csproj", "{2AE744B3-657D-41C2-9237-4776B7CE7D5B}"
EndProject
Project("{9A19103F-16F7-4668-BE54-9A1E7A4F7556}") = "H.LowCode.Theme.Html", "H.LowCode.RenderEngine\H.LowCode.Theme.Html\H.LowCode.Theme.Html.csproj", "{BE0B5EEE-3F09-48F4-BDB9-BB4ABEF9EE94}"
EndProject
Project("{2150E333-8FDC-42A3-9474-1A3956D46DE8}") = "01 DesignEngine", "01 DesignEngine", "{7E5B26AA-4F89-4B8C-B743-AE3F04C9DD58}"
EndProject
Project("{9A19103F-16F7-4668-BE54-9A1E7A4F7556}") = "H.LowCode.Render.WasmHost", "H.LowCode.RenderEngine\H.LowCode.Render.WasmHost\H.LowCode.Render.WasmHost.csproj", "{22DAFFD0-99CB-436F-B89D-D6E2F9E11699}"
EndProject
Project("{9A19103F-16F7-4668-BE54-9A1E7A4F7556}") = "H.LowCode.Render.HttpApi", "H.LowCode.RenderEngine\H.LowCode.Render.HttpApi\H.LowCode.Render.HttpApi.csproj", "{319D6087-9BF4-4BEC-B793-8173D73821DA}"
EndProject
Project("{2150E333-8FDC-42A3-9474-1A3956D46DE8}") = "Themes", "Themes", "{C5CC4984-12C5-4789-8150-666532B6AC9C}"
EndProject
Project("{9A19103F-16F7-4668-BE54-9A1E7A4F7556}") = "H.LowCode.DesignEngine", "H.LowCode.DesignEngine\H.LowCode.DesignEngine\H.LowCode.DesignEngine.csproj", "{9BE2FECD-B648-4B15-B394-E354F98D1B73}"
EndProject
Project("{2150E333-8FDC-42A3-9474-1A3956D46DE8}") = "RenderEngine", "RenderEngine", "{937D596E-0298-4D2A-B5ED-08D366FF7031}"
EndProject
Project("{9A19103F-16F7-4668-BE54-9A1E7A4F7556}") = "H.LowCode.Designer.Admin", "H.LowCode.DesignEngine\H.LowCode.Designer.Admin\H.LowCode.Designer.Admin.csproj", "{C2638FD1-0D86-40F8-A2A7-4192E4E27A7A}"
EndProject
Project("{2150E333-8FDC-42A3-9474-1A3956D46DE8}") = "03 WorkflowEngine", "03 WorkflowEngine", "{A97642DC-6A05-453E-A6F3-5A78F1070E0A}"
EndProject
Project("{9A19103F-16F7-4668-BE54-9A1E7A4F7556}") = "H.LowCode.WorkflowDesigner", "H.LowCode.WorkflowEngine\H.LowCode.WorkflowDesigner\H.LowCode.WorkflowDesigner.csproj", "{57911903-8E48-4165-BB69-1CBB9E1930F9}"
EndProject
Project("{9A19103F-16F7-4668-BE54-9A1E7A4F7556}") = "H.LowCode.WorkflowEngine.HttpApi", "H.LowCode.WorkflowEngine\H.LowCode.WorkflowEngine.HttpApi\H.LowCode.WorkflowEngine.HttpApi.csproj", "{CC92870A-25F2-46E7-A370-FDE7BD41D8F1}"
EndProject
Project("{9A19103F-16F7-4668-BE54-9A1E7A4F7556}") = "H.LowCode.WorkflowEngine.WasmHost", "H.LowCode.WorkflowEngine\H.LowCode.WorkflowEngine.WasmHost\H.LowCode.WorkflowEngine.WasmHost.csproj", "{6F5DE5A6-315E-4361-BC05-C3897CB6D8A8}"
EndProject
Project("{2150E333-8FDC-42A3-9474-1A3956D46DE8}") = "04 ChartDesigner", "04 ChartDesigner", "{5C318E9A-EBDA-43EC-97C1-D5634C4ACC62}"
EndProject
Project("{9A19103F-16F7-4668-BE54-9A1E7A4F7556}") = "H.LowCode.Designer.WasmHost", "H.LowCode.DesignEngine\H.LowCode.Designer.WasmHost\H.LowCode.Designer.WasmHost.csproj", "{C579D9B1-1903-4200-9D61-1BDF18C08B2B}"
EndProject
Project("{9A19103F-16F7-4668-BE54-9A1E7A4F7556}") = "H.LowCode.Designer.HttpApi", "H.LowCode.DesignEngine\H.LowCode.Designer.HttpApi\H.LowCode.Designer.HttpApi.csproj", "{CE0AF463-1477-4089-BB68-919A3DBC19FE}"
EndProject
Project("{2150E333-8FDC-42A3-9474-1A3956D46DE8}") = "88 Utility", "88 Utility", "{B77417FA-F03F-474B-82A3-E2213A303382}"
EndProject
Project("{9A19103F-16F7-4668-BE54-9A1E7A4F7556}") = "H.LowCode.Metadata", "H.LowCode.Utility\H.LowCode.Metadata\H.LowCode.Metadata.csproj", "{7468C036-F2E8-4325-8E8F-9946067E64FD}"
EndProject
Project("{9A19103F-16F7-4668-BE54-9A1E7A4F7556}") = "H.LowCode.Blazor.Utility", "H.LowCode.Utility\H.LowCode.Blazor.Utility\H.LowCode.Blazor.Utility.csproj", "{2AD25754-610B-4CD9-BA9B-8114B5EE497A}"
EndProject
Project("{9A19103F-16F7-4668-BE54-9A1E7A4F7556}") = "H.Extensions.IO", "H.Extensions\H.Extensions.IO\H.Extensions.IO.csproj", "{50B9F60E-898C-4D8C-BD32-DDD50E3117B8}"
EndProject
Project("{9A19103F-16F7-4668-BE54-9A1E7A4F7556}") = "H.Extensions.Json", "H.Extensions\H.Extensions.Json\H.Extensions.Json.csproj", "{9E1361BC-9B7D-4F30-87A9-7516A11E0073}"
EndProject
Project("{2150E333-8FDC-42A3-9474-1A3956D46DE8}") = "Admin", "Admin", "{1B87CE9B-57F9-4699-A384-95A9752BCA01}"
EndProject
Project("{2150E333-8FDC-42A3-9474-1A3956D46DE8}") = "01 RuleEngine", "01 RuleEngine", "{EB3E6880-BD65-435B-BE8D-AFF6EE298C79}"
EndProject
Project("{9A19103F-16F7-4668-BE54-9A1E7A4F7556}") = "H.LowCode.DesignEngine.Components", "H.LowCode.DesignEngine\H.LowCode.DesignEngine.Components\H.LowCode.DesignEngine.Components.csproj", "{DAA21B11-65C7-4833-8EE7-9AD7FA90F7C1}"
EndProject
Project("{2150E333-8FDC-42A3-9474-1A3956D46DE8}") = "05 Additional", "05 Additional", "{7CC015D2-560B-4690-AE4D-6A8FB5071F55}"
EndProject
Project("{2150E333-8FDC-42A3-9474-1A3956D46DE8}") = "03 ComputingEngine", "03 ComputingEngine", "{A20D3904-BB2D-411F-9001-ABB5DE3F0CBA}"
EndProject
Project("{2150E333-8FDC-42A3-9474-1A3956D46DE8}") = "02 ScheduleEngine", "02 ScheduleEngine", "{150A7A1F-77B2-4510-BADB-5B0A13B29809}"
EndProject
Project("{9A19103F-16F7-4668-BE54-9A1E7A4F7556}") = "H.LowCode.Metadata.Components", "H.LowCode.Utility\H.LowCode.Metadata.Components\H.LowCode.Metadata.Components.csproj", "{361C4703-BA3F-487D-99DB-3D87F67E8FCC}"
EndProject
Project("{2150E333-8FDC-42A3-9474-1A3956D46DE8}") = "Components", "Components", "{24314CC8-A729-4EE9-8F36-54B604695C23}"
EndProject
Project("{FAE04EC0-301F-11D3-BF4B-00C04F79EFBC}") = "H.LowCode.DesignEngine.Components.Custom", "H.LowCode.DesignEngine\H.LowCode.DesignEngine.Components.Custom\H.LowCode.DesignEngine.Components.Custom.csproj", "{FF307136-5C92-40EC-833A-A95DA6C05CFF}"
EndProject
Global
	GlobalSection(SolutionConfigurationPlatforms) = preSolution
		Debug|Any CPU = Debug|Any CPU
		Release|Any CPU = Release|Any CPU
	EndGlobalSection
	GlobalSection(ProjectConfigurationPlatforms) = postSolution
		{47EE6944-D5F8-46CD-A552-29A237BE87BD}.Debug|Any CPU.ActiveCfg = Debug|Any CPU
		{47EE6944-D5F8-46CD-A552-29A237BE87BD}.Debug|Any CPU.Build.0 = Debug|Any CPU
		{47EE6944-D5F8-46CD-A552-29A237BE87BD}.Release|Any CPU.ActiveCfg = Release|Any CPU
		{47EE6944-D5F8-46CD-A552-29A237BE87BD}.Release|Any CPU.Build.0 = Release|Any CPU
		{080EBED7-FD5D-4092-874D-6431FC8B9E2A}.Debug|Any CPU.ActiveCfg = Debug|Any CPU
		{080EBED7-FD5D-4092-874D-6431FC8B9E2A}.Debug|Any CPU.Build.0 = Debug|Any CPU
		{080EBED7-FD5D-4092-874D-6431FC8B9E2A}.Release|Any CPU.ActiveCfg = Release|Any CPU
		{080EBED7-FD5D-4092-874D-6431FC8B9E2A}.Release|Any CPU.Build.0 = Release|Any CPU
		{F4DCCF49-7D2D-4359-8D48-09F6167E1AA2}.Debug|Any CPU.ActiveCfg = Debug|Any CPU
		{F4DCCF49-7D2D-4359-8D48-09F6167E1AA2}.Debug|Any CPU.Build.0 = Debug|Any CPU
		{F4DCCF49-7D2D-4359-8D48-09F6167E1AA2}.Release|Any CPU.ActiveCfg = Release|Any CPU
		{F4DCCF49-7D2D-4359-8D48-09F6167E1AA2}.Release|Any CPU.Build.0 = Release|Any CPU
		{2AE744B3-657D-41C2-9237-4776B7CE7D5B}.Debug|Any CPU.ActiveCfg = Debug|Any CPU
		{2AE744B3-657D-41C2-9237-4776B7CE7D5B}.Debug|Any CPU.Build.0 = Debug|Any CPU
		{2AE744B3-657D-41C2-9237-4776B7CE7D5B}.Release|Any CPU.ActiveCfg = Release|Any CPU
		{2AE744B3-657D-41C2-9237-4776B7CE7D5B}.Release|Any CPU.Build.0 = Release|Any CPU
		{BE0B5EEE-3F09-48F4-BDB9-BB4ABEF9EE94}.Debug|Any CPU.ActiveCfg = Debug|Any CPU
		{BE0B5EEE-3F09-48F4-BDB9-BB4ABEF9EE94}.Debug|Any CPU.Build.0 = Debug|Any CPU
		{BE0B5EEE-3F09-48F4-BDB9-BB4ABEF9EE94}.Release|Any CPU.ActiveCfg = Release|Any CPU
		{BE0B5EEE-3F09-48F4-BDB9-BB4ABEF9EE94}.Release|Any CPU.Build.0 = Release|Any CPU
		{22DAFFD0-99CB-436F-B89D-D6E2F9E11699}.Debug|Any CPU.ActiveCfg = Debug|Any CPU
		{22DAFFD0-99CB-436F-B89D-D6E2F9E11699}.Debug|Any CPU.Build.0 = Debug|Any CPU
		{22DAFFD0-99CB-436F-B89D-D6E2F9E11699}.Release|Any CPU.ActiveCfg = Release|Any CPU
		{22DAFFD0-99CB-436F-B89D-D6E2F9E11699}.Release|Any CPU.Build.0 = Release|Any CPU
		{319D6087-9BF4-4BEC-B793-8173D73821DA}.Debug|Any CPU.ActiveCfg = Debug|Any CPU
		{319D6087-9BF4-4BEC-B793-8173D73821DA}.Debug|Any CPU.Build.0 = Debug|Any CPU
		{319D6087-9BF4-4BEC-B793-8173D73821DA}.Release|Any CPU.ActiveCfg = Release|Any CPU
		{319D6087-9BF4-4BEC-B793-8173D73821DA}.Release|Any CPU.Build.0 = Release|Any CPU
		{9BE2FECD-B648-4B15-B394-E354F98D1B73}.Debug|Any CPU.ActiveCfg = Debug|Any CPU
		{9BE2FECD-B648-4B15-B394-E354F98D1B73}.Debug|Any CPU.Build.0 = Debug|Any CPU
		{9BE2FECD-B648-4B15-B394-E354F98D1B73}.Release|Any CPU.ActiveCfg = Release|Any CPU
		{9BE2FECD-B648-4B15-B394-E354F98D1B73}.Release|Any CPU.Build.0 = Release|Any CPU
		{C2638FD1-0D86-40F8-A2A7-4192E4E27A7A}.Debug|Any CPU.ActiveCfg = Debug|Any CPU
		{C2638FD1-0D86-40F8-A2A7-4192E4E27A7A}.Debug|Any CPU.Build.0 = Debug|Any CPU
		{C2638FD1-0D86-40F8-A2A7-4192E4E27A7A}.Release|Any CPU.ActiveCfg = Release|Any CPU
		{C2638FD1-0D86-40F8-A2A7-4192E4E27A7A}.Release|Any CPU.Build.0 = Release|Any CPU
		{57911903-8E48-4165-BB69-1CBB9E1930F9}.Debug|Any CPU.ActiveCfg = Debug|Any CPU
		{57911903-8E48-4165-BB69-1CBB9E1930F9}.Debug|Any CPU.Build.0 = Debug|Any CPU
		{57911903-8E48-4165-BB69-1CBB9E1930F9}.Release|Any CPU.ActiveCfg = Release|Any CPU
		{57911903-8E48-4165-BB69-1CBB9E1930F9}.Release|Any CPU.Build.0 = Release|Any CPU
		{CC92870A-25F2-46E7-A370-FDE7BD41D8F1}.Debug|Any CPU.ActiveCfg = Debug|Any CPU
		{CC92870A-25F2-46E7-A370-FDE7BD41D8F1}.Debug|Any CPU.Build.0 = Debug|Any CPU
		{CC92870A-25F2-46E7-A370-FDE7BD41D8F1}.Release|Any CPU.ActiveCfg = Release|Any CPU
		{CC92870A-25F2-46E7-A370-FDE7BD41D8F1}.Release|Any CPU.Build.0 = Release|Any CPU
		{6F5DE5A6-315E-4361-BC05-C3897CB6D8A8}.Debug|Any CPU.ActiveCfg = Debug|Any CPU
		{6F5DE5A6-315E-4361-BC05-C3897CB6D8A8}.Debug|Any CPU.Build.0 = Debug|Any CPU
		{6F5DE5A6-315E-4361-BC05-C3897CB6D8A8}.Release|Any CPU.ActiveCfg = Release|Any CPU
		{6F5DE5A6-315E-4361-BC05-C3897CB6D8A8}.Release|Any CPU.Build.0 = Release|Any CPU
		{C579D9B1-1903-4200-9D61-1BDF18C08B2B}.Debug|Any CPU.ActiveCfg = Debug|Any CPU
		{C579D9B1-1903-4200-9D61-1BDF18C08B2B}.Debug|Any CPU.Build.0 = Debug|Any CPU
		{C579D9B1-1903-4200-9D61-1BDF18C08B2B}.Release|Any CPU.ActiveCfg = Release|Any CPU
		{C579D9B1-1903-4200-9D61-1BDF18C08B2B}.Release|Any CPU.Build.0 = Release|Any CPU
		{CE0AF463-1477-4089-BB68-919A3DBC19FE}.Debug|Any CPU.ActiveCfg = Debug|Any CPU
		{CE0AF463-1477-4089-BB68-919A3DBC19FE}.Debug|Any CPU.Build.0 = Debug|Any CPU
		{CE0AF463-1477-4089-BB68-919A3DBC19FE}.Release|Any CPU.ActiveCfg = Release|Any CPU
		{CE0AF463-1477-4089-BB68-919A3DBC19FE}.Release|Any CPU.Build.0 = Release|Any CPU
		{7468C036-F2E8-4325-8E8F-9946067E64FD}.Debug|Any CPU.ActiveCfg = Debug|Any CPU
		{7468C036-F2E8-4325-8E8F-9946067E64FD}.Debug|Any CPU.Build.0 = Debug|Any CPU
		{7468C036-F2E8-4325-8E8F-9946067E64FD}.Release|Any CPU.ActiveCfg = Release|Any CPU
		{7468C036-F2E8-4325-8E8F-9946067E64FD}.Release|Any CPU.Build.0 = Release|Any CPU
		{2AD25754-610B-4CD9-BA9B-8114B5EE497A}.Debug|Any CPU.ActiveCfg = Debug|Any CPU
		{2AD25754-610B-4CD9-BA9B-8114B5EE497A}.Debug|Any CPU.Build.0 = Debug|Any CPU
		{2AD25754-610B-4CD9-BA9B-8114B5EE497A}.Release|Any CPU.ActiveCfg = Release|Any CPU
		{2AD25754-610B-4CD9-BA9B-8114B5EE497A}.Release|Any CPU.Build.0 = Release|Any CPU
		{50B9F60E-898C-4D8C-BD32-DDD50E3117B8}.Debug|Any CPU.ActiveCfg = Debug|Any CPU
		{50B9F60E-898C-4D8C-BD32-DDD50E3117B8}.Debug|Any CPU.Build.0 = Debug|Any CPU
		{50B9F60E-898C-4D8C-BD32-DDD50E3117B8}.Release|Any CPU.ActiveCfg = Release|Any CPU
		{50B9F60E-898C-4D8C-BD32-DDD50E3117B8}.Release|Any CPU.Build.0 = Release|Any CPU
		{9E1361BC-9B7D-4F30-87A9-7516A11E0073}.Debug|Any CPU.ActiveCfg = Debug|Any CPU
		{9E1361BC-9B7D-4F30-87A9-7516A11E0073}.Debug|Any CPU.Build.0 = Debug|Any CPU
		{9E1361BC-9B7D-4F30-87A9-7516A11E0073}.Release|Any CPU.ActiveCfg = Release|Any CPU
		{9E1361BC-9B7D-4F30-87A9-7516A11E0073}.Release|Any CPU.Build.0 = Release|Any CPU
		{DAA21B11-65C7-4833-8EE7-9AD7FA90F7C1}.Debug|Any CPU.ActiveCfg = Debug|Any CPU
		{DAA21B11-65C7-4833-8EE7-9AD7FA90F7C1}.Debug|Any CPU.Build.0 = Debug|Any CPU
		{DAA21B11-65C7-4833-8EE7-9AD7FA90F7C1}.Release|Any CPU.ActiveCfg = Release|Any CPU
		{DAA21B11-65C7-4833-8EE7-9AD7FA90F7C1}.Release|Any CPU.Build.0 = Release|Any CPU
		{361C4703-BA3F-487D-99DB-3D87F67E8FCC}.Debug|Any CPU.ActiveCfg = Debug|Any CPU
		{361C4703-BA3F-487D-99DB-3D87F67E8FCC}.Debug|Any CPU.Build.0 = Debug|Any CPU
		{361C4703-BA3F-487D-99DB-3D87F67E8FCC}.Release|Any CPU.ActiveCfg = Release|Any CPU
		{361C4703-BA3F-487D-99DB-3D87F67E8FCC}.Release|Any CPU.Build.0 = Release|Any CPU
		{FF307136-5C92-40EC-833A-A95DA6C05CFF}.Debug|Any CPU.ActiveCfg = Debug|Any CPU
		{FF307136-5C92-40EC-833A-A95DA6C05CFF}.Debug|Any CPU.Build.0 = Debug|Any CPU
		{FF307136-5C92-40EC-833A-A95DA6C05CFF}.Release|Any CPU.ActiveCfg = Release|Any CPU
		{FF307136-5C92-40EC-833A-A95DA6C05CFF}.Release|Any CPU.Build.0 = Release|Any CPU
	EndGlobalSection
	GlobalSection(SolutionProperties) = preSolution
		HideSolutionNode = FALSE
	EndGlobalSection
	GlobalSection(NestedProjects) = preSolution
		{47EE6944-D5F8-46CD-A552-29A237BE87BD} = {937D596E-0298-4D2A-B5ED-08D366FF7031}
		{080EBED7-FD5D-4092-874D-6431FC8B9E2A} = {937D596E-0298-4D2A-B5ED-08D366FF7031}
		{F4DCCF49-7D2D-4359-8D48-09F6167E1AA2} = {937D596E-0298-4D2A-B5ED-08D366FF7031}
		{2AE744B3-657D-41C2-9237-4776B7CE7D5B} = {C5CC4984-12C5-4789-8150-666532B6AC9C}
		{BE0B5EEE-3F09-48F4-BDB9-BB4ABEF9EE94} = {C5CC4984-12C5-4789-8150-666532B6AC9C}
		{22DAFFD0-99CB-436F-B89D-D6E2F9E11699} = {89FE3DE3-2E58-4835-A476-CA2E309A1B3F}
		{319D6087-9BF4-4BEC-B793-8173D73821DA} = {89FE3DE3-2E58-4835-A476-CA2E309A1B3F}
		{C5CC4984-12C5-4789-8150-666532B6AC9C} = {89FE3DE3-2E58-4835-A476-CA2E309A1B3F}
		{9BE2FECD-B648-4B15-B394-E354F98D1B73} = {7E5B26AA-4F89-4B8C-B743-AE3F04C9DD58}
		{937D596E-0298-4D2A-B5ED-08D366FF7031} = {89FE3DE3-2E58-4835-A476-CA2E309A1B3F}
		{C2638FD1-0D86-40F8-A2A7-4192E4E27A7A} = {1B87CE9B-57F9-4699-A384-95A9752BCA01}
		{57911903-8E48-4165-BB69-1CBB9E1930F9} = {A97642DC-6A05-453E-A6F3-5A78F1070E0A}
		{CC92870A-25F2-46E7-A370-FDE7BD41D8F1} = {A97642DC-6A05-453E-A6F3-5A78F1070E0A}
		{6F5DE5A6-315E-4361-BC05-C3897CB6D8A8} = {A97642DC-6A05-453E-A6F3-5A78F1070E0A}
		{C579D9B1-1903-4200-9D61-1BDF18C08B2B} = {7E5B26AA-4F89-4B8C-B743-AE3F04C9DD58}
		{CE0AF463-1477-4089-BB68-919A3DBC19FE} = {7E5B26AA-4F89-4B8C-B743-AE3F04C9DD58}
		{7468C036-F2E8-4325-8E8F-9946067E64FD} = {B77417FA-F03F-474B-82A3-E2213A303382}
		{2AD25754-610B-4CD9-BA9B-8114B5EE497A} = {B77417FA-F03F-474B-82A3-E2213A303382}
		{50B9F60E-898C-4D8C-BD32-DDD50E3117B8} = {899D26A3-3A92-4ADE-A548-1618C738AA97}
		{9E1361BC-9B7D-4F30-87A9-7516A11E0073} = {899D26A3-3A92-4ADE-A548-1618C738AA97}
		{1B87CE9B-57F9-4699-A384-95A9752BCA01} = {7E5B26AA-4F89-4B8C-B743-AE3F04C9DD58}
		{EB3E6880-BD65-435B-BE8D-AFF6EE298C79} = {7CC015D2-560B-4690-AE4D-6A8FB5071F55}
		{DAA21B11-65C7-4833-8EE7-9AD7FA90F7C1} = {24314CC8-A729-4EE9-8F36-54B604695C23}
		{A20D3904-BB2D-411F-9001-ABB5DE3F0CBA} = {7CC015D2-560B-4690-AE4D-6A8FB5071F55}
		{150A7A1F-77B2-4510-BADB-5B0A13B29809} = {7CC015D2-560B-4690-AE4D-6A8FB5071F55}
		{361C4703-BA3F-487D-99DB-3D87F67E8FCC} = {B77417FA-F03F-474B-82A3-E2213A303382}
		{24314CC8-A729-4EE9-8F36-54B604695C23} = {7E5B26AA-4F89-4B8C-B743-AE3F04C9DD58}
		{FF307136-5C92-40EC-833A-A95DA6C05CFF} = {24314CC8-A729-4EE9-8F36-54B604695C23}
	EndGlobalSection
	GlobalSection(ExtensibilityGlobals) = postSolution
		SolutionGuid = {A8C26757-CDED-4779-94DE-C0D4929F64C2}
	EndGlobalSection
EndGlobal
